install_repository_dependencies: false
install_resolver_dependencies: false
install_tool_dependencies: false
tool_panel_section_label: Machine Learning
tools:
- name: sklearn_build_pipeline
  owner: bgruening
  revisions:
  - 4c4ec859c31a
  - 840f29aad145
  tool_panel_section_id: machine_learning
  tool_panel_section_label: Machine Learning
- name: sklearn_searchcv
  owner: bgruening
  revisions:
  - 25ab6b4e376e
  - 7626ea9c2e1b
  tool_panel_section_id: machine_learning
  tool_panel_section_label: Machine Learning
- name: plotly_parallel_coordinates_plot
  owner: bgruening
  revisions:
  - 7b21a9b5922f
  - 9958188c6195
  tool_panel_section_id: machine_learning
  tool_panel_section_label: Machine Learning
- name: sklearn_ensemble
  owner: bgruening
  revisions:
  - 060ca94ac049
  - 1a53edc4b438
  tool_panel_section_id: machine_learning
  tool_panel_section_label: Machine Learning
- name: plotly_regression_performance_plots
  owner: bgruening
  revisions:
  - 389227fa1864
  tool_panel_section_id: machine_learning
  tool_panel_section_label: Machine Learning
- name: tabular_learner
  owner: goeckslab
  revisions:
  - 0afd970bd8ae
  - 4bd75b45a7a1
  - ba45bc057d70
  tool_panel_section_id: machine_learning
  tool_panel_section_label: Machine Learning
- name: image_learner
  owner: goeckslab
  revisions:
  - 85e6f4b2ad18
  - 9e912fce264c
  - b0d893d04d4c
  - c5150cceab47
  tool_panel_section_id: machine_learning
  tool_panel_section_label: Machine Learning
- name: ludwig_config_generator
  owner: goeckslab
  revisions:
  - 36c5fcc49286
  - d13ba033cb84
  - ec4b9244f930
  tool_panel_section_id: machine_learning
  tool_panel_section_label: Machine Learning
- name: ludwig_experiment
  owner: goeckslab
  revisions:
  - 4d0d8859a0f2
  - 78b1e3921576
  - ec99e53e91d6
  tool_panel_section_id: machine_learning
  tool_panel_section_label: Machine Learning
