install_repository_dependencies: true
install_resolver_dependencies: true
install_tool_dependencies: false
tool_panel_section_label: Assembly
tools:
- name: unicycler
  owner: iuc
  revisions:
  - e9c1cdb9f9dc
  - f13d0498a199
  - 0a3a602cd1e3
  - 9e3e80cc4ad4
  tool_panel_section_id: assembly
  tool_panel_section_label: Assembly
- name: quast
  owner: iuc
  revisions:
  - 0834c823d4b9
  - 59db8ea8c845
  - ebb0dcdb621a
  tool_panel_section_id: assembly
  tool_panel_section_label: Assembly
- name: prokka
  owner: crs4
  revisions:
  - eaee459f3d69
  tool_panel_section_id: assembly
  tool_panel_section_label: Assembly
- name: spades
  owner: lionelguy
  revisions:
  - 21734680d921
  tool_panel_section_id: assembly
  tool_panel_section_label: Assembly
- name: trinity
  owner: iuc
  revisions:
  - c9cfec002f71
  - d84caa5a98ad
  tool_panel_section_id: assembly
  tool_panel_section_label: Assembly
- name: spades
  owner: nml
  revisions:
  - b8d633fbf5f5
  - b8c00ce5dfa0
  tool_panel_section_id: assembly
  tool_panel_section_label: Assembly
