install_repository_dependencies: true
install_resolver_dependencies: true
install_tool_dependencies: false
tool_panel_section_label: FASTA/FASTQ
tools:
- name: short_reads_trim_seq
  owner: devteam
  revisions:
  - 25e6fe525306
  tool_panel_section_id: fasta_fastq
  tool_panel_section_label: FASTA/FASTQ
- name: fasta_filter_by_length
  owner: devteam
  revisions:
  - 2fd6033d0e9c
  tool_panel_section_id: fasta_fastq
  tool_panel_section_label: FASTA/FASTQ
- name: fasta_concatenate_by_species
  owner: devteam
  revisions:
  - 717aee069681
  tool_panel_section_id: fasta_fastq
  tool_panel_section_label: FASTA/FASTQ
- name: fasta_compute_length
  owner: devteam
  revisions:
  - 2051602a5f97
  tool_panel_section_id: fasta_fastq
  tool_panel_section_label: FASTA/FASTQ
- name: fastx_trimmer
  owner: devteam
  revisions:
  - 547e8d00f11c
  tool_panel_section_id: fasta_fastq
  tool_panel_section_label: FASTA/FASTQ
- name: fastx_reverse_complement
  owner: devteam
  revisions:
  - 0c2907307ba4
  tool_panel_section_id: fasta_fastq
  tool_panel_section_label: FASTA/FASTQ
- name: fastx_renamer
  owner: devteam
  revisions:
  - 3599f5451ee2
  tool_panel_section_id: fasta_fastq
  tool_panel_section_label: FASTA/FASTQ
- name: fastx_collapser
  owner: devteam
  revisions:
  - 7ce1891db6f5
  tool_panel_section_id: fasta_fastq
  tool_panel_section_label: FASTA/FASTQ
- name: fastx_clipper
  owner: devteam
  revisions:
  - 736b8f6ee456
  tool_panel_section_id: fasta_fastq
  tool_panel_section_label: FASTA/FASTQ
- name: fastx_barcode_splitter
  owner: devteam
  revisions:
  - 4bedca26c133
  tool_panel_section_id: fasta_fastq
  tool_panel_section_label: FASTA/FASTQ
- name: fastx_artifacts_filter
  owner: devteam
  revisions:
  - 567d5b3c52b1
  tool_panel_section_id: fasta_fastq
  tool_panel_section_label: FASTA/FASTQ
- name: fastq_quality_filter
  owner: devteam
  revisions:
  - 7b4468117008
  tool_panel_section_id: fasta_fastq
  tool_panel_section_label: FASTA/FASTQ
- name: fastq_quality_converter
  owner: devteam
  revisions:
  - 54053ea6c77e
  tool_panel_section_id: fasta_fastq
  tool_panel_section_label: FASTA/FASTQ
- name: fasta_nucleotide_changer
  owner: devteam
  revisions:
  - 091ca73f5804
  tool_panel_section_id: fasta_fastq
  tool_panel_section_label: FASTA/FASTQ
- name: fasta_formatter
  owner: devteam
  revisions:
  - 859422bcb689
  tool_panel_section_id: fasta_fastq
  tool_panel_section_label: FASTA/FASTQ
- name: cutadapt
  owner: lparsons
  revisions:
  - 510dbf2872f7
  - e4691e1589d3
  tool_panel_section_id: fasta_fastq
  tool_panel_section_label: FASTA/FASTQ
- name: cutadapt
  owner: lparsons
  revisions:
  - 510dbf2872f7
  - e4691e1589d3
  tool_panel_section_id: fasta_fastq
  tool_panel_section_label: FASTA/FASTQ
  tool_shed_url: testtoolshed.g2.bx.psu.edu
- name: trim_galore
  owner: bgruening
  revisions:
  - 084bbd8ba7b8
  tool_panel_section_id: fasta_fastq
  tool_panel_section_label: FASTA/FASTQ
- name: flash
  owner: iuc
  revisions:
  - a27654fc4270
  tool_panel_section_id: fasta_fastq
  tool_panel_section_label: FASTA/FASTQ
- name: fastq_paired_end_splitter
  owner: devteam
  revisions:
  - 9bbe5b7ffa12
  tool_panel_section_id: fasta_fastq
  tool_panel_section_label: FASTA/FASTQ
- name: fastq_paired_end_joiner
  owner: devteam
  revisions:
  - 822cc1e6274e
  tool_panel_section_id: fasta_fastq
  tool_panel_section_label: FASTA/FASTQ
- name: fastq_paired_end_interlacer
  owner: devteam
  revisions:
  - ef49268ee579
  tool_panel_section_id: fasta_fastq
  tool_panel_section_label: FASTA/FASTQ
- name: fastq_paired_end_deinterlacer
  owner: devteam
  revisions:
  - b7ce72b00e62
  tool_panel_section_id: fasta_fastq
  tool_panel_section_label: FASTA/FASTQ
- name: fastq_masker_by_quality
  owner: devteam
  revisions:
  - eb592e9ec47a
  tool_panel_section_id: fasta_fastq
  tool_panel_section_label: FASTA/FASTQ
- name: fastq_manipulation
  owner: devteam
  revisions:
  - 4ac14b275aca
  tool_panel_section_id: fasta_fastq
  tool_panel_section_label: FASTA/FASTQ
- name: fastq_groomer
  owner: devteam
  revisions:
  - 71e5fa25b8a2
  tool_panel_section_id: fasta_fastq
  tool_panel_section_label: FASTA/FASTQ
- name: fastq_filter
  owner: devteam
  revisions:
  - 06934412f56d
  tool_panel_section_id: fasta_fastq
  tool_panel_section_label: FASTA/FASTQ
- name: fastq_combiner
  owner: devteam
  revisions:
  - 56389130cb63
  tool_panel_section_id: fasta_fastq
  tool_panel_section_label: FASTA/FASTQ
- name: fastq_join
  owner: lparsons
  revisions:
  - 8ec3dfde378b
  tool_panel_section_id: fasta_fastq
  tool_panel_section_label: FASTA/FASTQ
- name: fastq_trimmer_by_quality
  owner: devteam
  revisions:
  - c64d534a763c
  tool_panel_section_id: fasta_fastq
  tool_panel_section_label: FASTA/FASTQ
- name: fastq_trimmer
  owner: devteam
  revisions:
  - 2d0d13b0b0f1
  tool_panel_section_id: fasta_fastq
  tool_panel_section_label: FASTA/FASTQ
- name: fastp
  owner: iuc
  revisions:
  - 1d8fe9bc4cb0
  tool_panel_section_id: fasta_fastq
  tool_panel_section_label: FASTA/FASTQ
- name: splitfasta
  owner: rnateam
  revisions:
  - ae4d5733272f
  tool_panel_section_id: fasta_fastq
  tool_panel_section_label: FASTA/FASTQ
