install_repository_dependencies: true
install_resolver_dependencies: true
install_tool_dependencies: false
tool_panel_section_label: FASTQ Quality Control
tools:
- name: fastqc
  owner: devteam
  revisions:
  - e7b2202befea
  tool_panel_section_id: fastq_quality_control
  tool_panel_section_label: FASTQ Quality Control
- name: fastq_quality_boxplot
  owner: devteam
  revisions:
  - 3987db70a4b0
  tool_panel_section_id: fastq_quality_control
  tool_panel_section_label: FASTQ Quality Control
- name: multiqc
  owner: iuc
  revisions:
  - b2f1f75d49c4
  tool_panel_section_id: fastq_quality_control
  tool_panel_section_label: FASTQ Quality Control
- name: fastq_stats
  owner: devteam
  revisions:
  - e2cf940128d5
  tool_panel_section_id: fastq_quality_control
  tool_panel_section_label: FASTQ Quality Control
- name: short_reads_figure_score
  owner: devteam
  revisions:
  - b52b9c7aabd9
  tool_panel_section_id: fastq_quality_control
  tool_panel_section_label: FASTQ Quality Control
- name: trimmomatic
  owner: pjbriggs
  revisions:
  - 898b67846b47
  tool_panel_section_id: fastq_quality_control
  tool_panel_section_label: FASTQ Quality Control
- name: fastx_quality_statistics
  owner: devteam
  revisions:
  - 59003d0543cd
  tool_panel_section_id: fastq_quality_control
  tool_panel_section_label: FASTQ Quality Control
- name: fastx_nucleotides_distribution
  owner: devteam
  revisions:
  - 21796f46e0ba
  tool_panel_section_id: fastq_quality_control
  tool_panel_section_label: FASTQ Quality Control
- name: fastp
  owner: iuc
  revisions:
  - 1d8fe9bc4cb0
  tool_panel_section_id: fastq_quality_control
  tool_panel_section_label: FASTQ Quality Control
