install_repository_dependencies: true
install_resolver_dependencies: true
install_tool_dependencies: false
tool_panel_section_label: HyPhy Methods
tools:
- name: hyphy_absrel
  owner: iuc
  revisions:
  - 181f5b9f139f
  tool_panel_section_id: hyphy_methods
  tool_panel_section_label: HyPhy Methods
- name: hyphy_bgm
  owner: iuc
  revisions:
  - 1df765cc6bcb
  tool_panel_section_id: hyphy_methods
  tool_panel_section_label: HyPhy Methods
- name: hyphy_busted
  owner: iuc
  revisions:
  - d6389faa75ff
  tool_panel_section_id: hyphy_methods
  tool_panel_section_label: HyPhy Methods
- name: hyphy_fade
  owner: iuc
  revisions:
  - b959fd359a6b
  tool_panel_section_id: hyphy_methods
  tool_panel_section_label: HyPhy Methods
- name: hyphy_fel
  owner: iuc
  revisions:
  - 1b62167f7ab2
  tool_panel_section_id: hyphy_methods
  tool_panel_section_label: HyPhy Methods
- name: hyphy_fubar
  owner: iuc
  revisions:
  - 93a0cf4ea5fc
  tool_panel_section_id: hyphy_methods
  tool_panel_section_label: HyPhy Methods
- name: hyphy_gard
  owner: iuc
  revisions:
  - bff9a82d630d
  tool_panel_section_id: hyphy_methods
  tool_panel_section_label: HyPhy Methods
- name: hyphy_meme
  owner: iuc
  revisions:
  - 33040ebb30c6
  tool_panel_section_id: hyphy_methods
  tool_panel_section_label: HyPhy Methods
- name: hyphy_relax
  owner: iuc
  revisions:
  - 134d46bd47dd
  tool_panel_section_id: hyphy_methods
  tool_panel_section_label: HyPhy Methods
- name: hyphy_slac
  owner: iuc
  revisions:
  - 8522e7cc4fb4
  tool_panel_section_id: hyphy_methods
  tool_panel_section_label: HyPhy Methods
- name: hyphy_sm19
  owner: iuc
  revisions:
  - a96a307afb40
  tool_panel_section_id: hyphy_methods
  tool_panel_section_label: HyPhy Methods
