install_repository_dependencies: true
install_resolver_dependencies: false
install_tool_dependencies: false
tool_panel_section_label: Variant Calling
tools:
- name: lofreq_alnqual
  owner: iuc
  revisions:
  - 606542a18f82
  - e0e2fd665102
  tool_panel_section_id: variant_calling
  tool_panel_section_label: Variant Calling
- name: lofreq_call
  owner: iuc
  revisions:
  - 31216d510164
  - 65432c3abf6c
  tool_panel_section_id: variant_calling
  tool_panel_section_label: Variant Calling
- name: lofreq_filter
  owner: iuc
  revisions:
  - 6f9ffff040ce
  - 950d1d49d678
  tool_panel_section_id: variant_calling
  tool_panel_section_label: Variant Calling
- name: lofreq_indelqual
  owner: iuc
  revisions:
  - 354b534eeab7
  - 5d6a078d30b0
  tool_panel_section_id: variant_calling
  tool_panel_section_label: Variant Calling
- name: lofreq_viterbi
  owner: iuc
  revisions:
  - 33a416e1659e
  - af7e416d8176
  tool_panel_section_id: variant_calling
  tool_panel_section_label: Variant Calling
- name: gatk4_mutect2
  owner: dave
  revisions:
  - fcf1bc63ed06
  tool_panel_section_id: variant_calling
  tool_panel_section_label: Variant Calling
  tool_shed_url: testtoolshed.g2.bx.psu.edu
- name: dynamic_downsample
  owner: dave
  revisions:
  - 03aeb837e398
  tool_panel_section_id: variant_calling
  tool_panel_section_label: Variant Calling
  tool_shed_url: testtoolshed.g2.bx.psu.edu
- name: snippy
  owner: iuc
  revisions:
  - 0aa87d97847f
  - 5bbf9eada9c2
  tool_panel_section_id: variant_calling
  tool_panel_section_label: Variant Calling
- name: snpeff
  owner: iuc
  revisions:
  - 74aebe30fb52
  - 8f92c2b26e6d
  tool_panel_section_id: variant_calling
  tool_panel_section_label: Variant Calling
- name: snpsift
  owner: iuc
  revisions:
  - 2b3e65a4252f
  tool_panel_section_id: variant_calling
  tool_panel_section_label: Variant Calling
- name: samblaster
  owner: iuc
  revisions:
  - aa72470e14f7
  tool_panel_section_id: variant_calling
  tool_panel_section_label: Variant Calling
- name: pilon
  owner: iuc
  revisions:
  - 11e5408fd238
  tool_panel_section_id: variant_calling
  tool_panel_section_label: Variant Calling
- name: fermi2
  owner: iuc
  revisions:
  - b59546214e63
  tool_panel_section_id: variant_calling
  tool_panel_section_label: Variant Calling
- name: allele_counts
  owner: nick
  revisions:
  - 411adeff1eec
  - 7f19e8c03358
  - cf2af5c3118c
  tool_panel_section_id: variant_calling
  tool_panel_section_label: Variant Calling
- name: freebayes
  owner: devteam
  revisions:
  - 156b60c1530f
  tool_panel_section_id: variant_calling
  tool_panel_section_label: Variant Calling
- name: naive_variant_caller
  owner: blankenberg
  revisions:
  - 07e71cf6c8ef
  tool_panel_section_id: variant_calling
  tool_panel_section_label: Variant Calling
- name: table_annovar
  owner: devteam
  revisions:
  - 08b003ee9db7
  tool_panel_section_id: variant_calling
  tool_panel_section_label: Variant Calling
- name: varscan_version_2
  owner: devteam
  revisions:
  - bc1e0cd41241
  tool_panel_section_id: variant_calling
  tool_panel_section_label: Variant Calling
- name: getalleleseq
  owner: boris
  revisions:
  - 28640b50ba2f
  tool_panel_section_id: variant_calling
  tool_panel_section_label: Variant Calling
  tool_shed_url: testtoolshed.g2.bx.psu.edu
- name: mutate_snp_codon
  owner: devteam
  revisions:
  - 8f0af7251167
  tool_panel_section_id: variant_calling
  tool_panel_section_label: Variant Calling
