install_repository_dependencies: true
install_resolver_dependencies: true
install_tool_dependencies: false
tool_panel_section_label: FASTQ Quality Control
tools:
- name: fastqc
  owner: devteam
  revisions:
  - e7b2202befea
  tool_panel_section_id: fastq_quality_control
  tool_panel_section_label: FASTQ Quality Control
- name: trimmomatic
  owner: pjbriggs
  revisions:
  - 898b67846b47
  tool_panel_section_id: fastq_quality_control
  tool_panel_section_label: FASTQ Quality Control
- name: multiqc
  owner: iuc
  revisions:
  - 3d93dd18d9f8
  - b2f1f75d49c4
  tool_panel_section_id: fastq_quality_control
  tool_panel_section_label: FASTQ Quality Control
- name: fastp
  owner: iuc
  revisions:
  - 1d8fe9bc4cb0
  tool_panel_section_id: fastq_quality_control
  tool_panel_section_label: FASTQ Quality Control
- name: fastq_stats
  owner: devteam
  revisions:
  - b1cea1b2fcd0
  - e2cf940128d5
  - f0e7deab6518
  tool_panel_section_id: fastq_quality_control
  tool_panel_section_label: FASTQ Quality Control
- name: fastx_quality_statistics
  owner: devteam
  revisions:
  - 59003d0543cd
  tool_panel_section_id: fastq_quality_control
  tool_panel_section_label: FASTQ Quality Control
- name: fastx_nucleotides_distribution
  owner: devteam
  revisions:
  - 21796f46e0ba
  - ad116ae3f4d9
  tool_panel_section_id: fastq_quality_control
  tool_panel_section_label: FASTQ Quality Control
- name: fastq_quality_boxplot
  owner: devteam
  revisions:
  - 3987db70a4b0
  - 7cf5b1d072b5
  tool_panel_section_id: fastq_quality_control
  tool_panel_section_label: FASTQ Quality Control
- name: prinseq
  owner: iuc
  revisions:
  - 02befcb391f5
  tool_panel_section_id: fastq_quality_control
  tool_panel_section_label: FASTQ Quality Control
