install_repository_dependencies: false
install_resolver_dependencies: false
install_tool_dependencies: false
tool_panel_section_label: Graph/Display Data
tools:
- name: ml_visualization_ex
  owner: bgruening
  revisions:
  - 05143043ca13
  - 1588f9076e32
  - 222c02df5d55
  - 4a229a7ad638
  - 6fabdcde0214
  - 8334dc98c48e
  - a536d2736c2d
  - c7655b5a94af
  - c80db5d6fd8c
  - e88c782a127d
  tool_panel_section_id: graph_display_data
  tool_panel_section_label: Graph/Display Data
- name: plotly_parallel_coordinates_plot
  owner: bgruening
  revisions:
  - 9958188c6195
  tool_panel_section_id: graph_display_data
  tool_panel_section_label: Graph/Display Data
- name: plotly_ml_performance_plots
  owner: bgruening
  revisions:
  - 1c5dcef5ce0f
  - 62e3a4e8c54c
  - f234e2e59d76
  tool_panel_section_id: graph_display_data
  tool_panel_section_label: Graph/Display Data
- name: plotly_regression_performance_plots
  owner: bgruening
  revisions:
  - 389227fa1864
  tool_panel_section_id: graph_display_data
  tool_panel_section_label: Graph/Display Data
- name: jbrowse
  owner: iuc
  revisions:
  - 17359b808b01
  - 1cfc579079a6
  - 2bb2e07a7a21
  - 4542035c1075
  - 667e17248bfe
  - 6cd09d7b5f37
  - 836d1aa3e89a
  - a6e57ff585c0
  - edb534491f92
  - fd5dbf0f732e
  tool_panel_section_id: graph_display_data
  tool_panel_section_label: Graph/Display Data
- name: xy_plot
  owner: devteam
  revisions:
  - ecb437f1d298
  tool_panel_section_id: graph_display_data
  tool_panel_section_label: Graph/Display Data
- name: hicexplorer_hicplottads
  owner: bgruening
  revisions:
  - 50171f863420
  tool_panel_section_id: graph_display_data
  tool_panel_section_label: Graph/Display Data
- name: ggplot2_heatmap2
  owner: iuc
  revisions:
  - 374e9062d874
  - 48b42ee61bc5
  - 51c6ccaace7e
  - 53460afd5115
  - '566197475670'
  - 6a097d09fca3
  - ca7cb0eaad62
  tool_panel_section_id: graph_display_data
  tool_panel_section_label: Graph/Display Data
- name: circos
  owner: iuc
  revisions:
  - 290a11559985
  - 4b519282a05b
  - a64dc31ab7f2
  - c4bde687c846
  - df7356989ac1
  - e6cbe3190642
  - fd59d783248a
  tool_panel_section_id: graph_display_data
  tool_panel_section_label: Graph/Display Data
- name: venn_list
  owner: peterjc
  revisions:
  - e13206029a72
  tool_panel_section_id: graph_display_data
  tool_panel_section_label: Graph/Display Data
- name: ucsc_custom_track
  owner: devteam
  revisions:
  - 3d87079756e1
  - 760f588e8a26
  tool_panel_section_id: graph_display_data
  tool_panel_section_label: Graph/Display Data
- name: scatterplot
  owner: devteam
  revisions:
  - efda9a4a50e7
  tool_panel_section_id: graph_display_data
  tool_panel_section_label: Graph/Display Data
- name: histogram
  owner: devteam
  revisions:
  - 6f134426c2b0
  - cdb9e89e2970
  - d0b9dd19e919
  tool_panel_section_id: graph_display_data
  tool_panel_section_label: Graph/Display Data
- name: mummer
  owner: peterjc
  revisions:
  - d9f3d4779507
  tool_panel_section_id: graph_display_data
  tool_panel_section_label: Graph/Display Data
- name: taxonomy_krona_chart
  owner: crs4
  revisions:
  - e9005d1f3cfd
  tool_panel_section_id: graph_display_data
  tool_panel_section_label: Graph/Display Data
- name: gmaj
  owner: devteam
  revisions:
  - 2cd5ee197ec7
  tool_panel_section_id: graph_display_data
  tool_panel_section_label: Graph/Display Data
- name: karyotype_plot
  owner: guru-ananda
  revisions:
  - d810aa84ee6a
  tool_panel_section_id: graph_display_data
  tool_panel_section_label: Graph/Display Data
- name: bandage
  owner: iuc
  revisions:
  - 067592b6b312
  - 21e491ad532a
  - 94fe43e75ddc
  - b2860df42e16
  - b9e31c5c01c7
  - ddddce450736
  tool_panel_section_id: graph_display_data
  tool_panel_section_label: Graph/Display Data
- name: export2graphlan
  owner: iuc
  revisions:
  - 635c90a27692
  - b16989c1e3a7
  tool_panel_section_id: graph_display_data
  tool_panel_section_label: Graph/Display Data
- name: fasta_nucleotide_color_plot
  owner: iuc
  revisions:
  - e4b5401adcec
  tool_panel_section_id: graph_display_data
  tool_panel_section_label: Graph/Display Data
- name: ggplot2_heatmap
  owner: iuc
  revisions:
  - 10515715c940
  - 15cebddc6dba
  - 1a72f938213e
  - 3d059e9c2fba
  - a4d83ba2a1bc
  - d3a9e32672ec
  - da4c086cff5b
  - de002ba2b849
  tool_panel_section_id: graph_display_data
  tool_panel_section_label: Graph/Display Data
- name: ggplot2_histogram
  owner: iuc
  revisions:
  - 11869c5becd8
  - 355a82227003
  - 497d700a5229
  - 536078949ae4
  - 6b9816a913de
  - 6fc8bab811da
  - b0d96516e6a5
  - fb50ab943396
  tool_panel_section_id: graph_display_data
  tool_panel_section_label: Graph/Display Data
- name: ggplot2_pca
  owner: iuc
  revisions:
  - 1b9406a1a769
  - 1df3b30325dd
  - 2bf238af068d
  - 7f2ef7216cf8
  - 90928b255abb
  - ae344ccf9d62
  - b1268b7544d3
  - fcb6a19960c6
  tool_panel_section_id: graph_display_data
  tool_panel_section_label: Graph/Display Data
- name: ggplot2_point
  owner: iuc
  revisions:
  - 1acf88921176
  - 299307abd804
  - 3b12bf9b4b87
  - 5298e06f14f9
  - 5fe1dc76176e
  - 87908c76ca8d
  - 9cec81e1b90e
  - a36551483a8f
  - d0fc8b746d57
  - f87634b12749
  tool_panel_section_id: graph_display_data
  tool_panel_section_label: Graph/Display Data
- name: ggplot2_violin
  owner: iuc
  revisions:
  - 0e7290688b50
  - 17b666467c32
  - 637cf21db396
  - 63d211052ffb
  - 9c52a8130729
  - d6c41b454cc1
  - d8305f18060e
  - e44775efb2dc
  tool_panel_section_id: graph_display_data
  tool_panel_section_label: Graph/Display Data
- name: graphlan
  owner: iuc
  revisions:
  - 6e8eb0c0d91f
  - 8f62f666dcb6
  - a490b70e46fc
  tool_panel_section_id: graph_display_data
  tool_panel_section_label: Graph/Display Data
- name: graphlan_annotate
  owner: iuc
  revisions:
  - 5d6f8f0bef7c
  - 97e3b735ed22
  - cf1df6b2220a
  tool_panel_section_id: graph_display_data
  tool_panel_section_label: Graph/Display Data
- name: intervene
  owner: iuc
  revisions:
  - 08780101bc36
  - 21beb30956c2
  - 33b8c5eedc04
  - f5fa293605ca
  tool_panel_section_id: graph_display_data
  tool_panel_section_label: Graph/Display Data
- name: jvarkit_wgscoverageplotter
  owner: iuc
  revisions:
  - ac048a34cac3
  tool_panel_section_id: graph_display_data
  tool_panel_section_label: Graph/Display Data
- name: newick_utils
  owner: iuc
  revisions:
  - b4163d2f64ab
  - fe4235285ee8
  tool_panel_section_id: graph_display_data
  tool_panel_section_label: Graph/Display Data
- name: pathview
  owner: iuc
  revisions:
  - 03c13085aecc
  - bd99e8fbde97
  - f1691de443a7
  tool_panel_section_id: graph_display_data
  tool_panel_section_label: Graph/Display Data
- name: pe_histogram
  owner: iuc
  revisions:
  - 594b85e4237a
  - bd1416eea1f0
  tool_panel_section_id: graph_display_data
  tool_panel_section_label: Graph/Display Data
- name: pretext_snapshot
  owner: iuc
  revisions:
  - 0a10fddd97d2
  - 0cc7a80463b9
  - 26f2fe7e53a1
  - 44c66e8d21e6
  - 6c571966cfb9
  - 7c9417381ad5
  - 9ec9c22767c8
  tool_panel_section_id: graph_display_data
  tool_panel_section_label: Graph/Display Data
- name: pygenometracks
  owner: iuc
  revisions:
  - 14e7c35f3d00
  - 2824d77cd8f8
  - 326a3db8d9d1
  - 360df4999907
  - 36b848d5f3ec
  - 4ac4e7083b7e
  - 59fd173ac850
  - 5cec5fb749f0
  - 7dd841a32245
  - 86d0ebe09628
  - a1abfa420d9d
  - eca03db4f612
  tool_panel_section_id: graph_display_data
  tool_panel_section_label: Graph/Display Data
- name: tsne
  owner: iuc
  revisions:
  - 53cfe6f313b3
  tool_panel_section_id: graph_display_data
  tool_panel_section_label: Graph/Display Data
- name: volcanoplot
  owner: iuc
  revisions:
  - 11c344627e52
  - 2f557f6abbfb
  - 5e08a1e22dbc
  - 73b8cb5bddcd
  - 83c573f2e73c
  - 99ace6c1ff57
  - a363ba287b88
  - cfb0595f9842
  - e4790edb4299
  tool_panel_section_id: graph_display_data
  tool_panel_section_label: Graph/Display Data
- name: krona_text
  owner: saskia-hiltemann
  revisions:
  - b14f1444e464
  tool_panel_section_id: graph_display_data
  tool_panel_section_label: Graph/Display Data
- name: jbrowse2
  owner: fubar
  revisions:
  - 0e592dcaeb7f
  - 137e08517410
  - 21bb464c1d53
  - 2fff478aca4b
  - 49f3d3878413
  - 4aec47f872b3
  - 56f9a6e0fe80
  - 69c6ea16c148
  - 74074746ccd8
  - 878c27dfea9d
  - 93fdd696c281
  - af482048ca1a
  - b1260bca5fdc
  - b55199c56abd
  - bd903fbbc26e
  - c017111e976a
  - c4b77883c0a7
  - cec274db51c0
  - d08080933718
  - dc3fe98e7b37
  - e188a9d25ed2
  - e237edee9a53
  - ed3a21033188
  tool_panel_section_id: graph_display_data
  tool_panel_section_label: Graph/Display Data
