install_repository_dependencies: true
install_resolver_dependencies: true
install_tool_dependencies: false
tool_panel_section_label: HyPhy
tools:
- name: hyphy_absrel
  owner: iuc
  revisions:
  - f73435dc282b
  - 0122b28acc5f
  tool_panel_section_id: hyphy
  tool_panel_section_label: HyPhy
- name: hyphy_bgm
  owner: iuc
  revisions:
  - 823a5afee916
  - 1647c9f95dc7
  tool_panel_section_id: hyphy
  tool_panel_section_label: HyPhy
- name: hyphy_busted
  owner: iuc
  revisions:
  - f9a193154a55
  - 5e122852e898
  tool_panel_section_id: hyphy
  tool_panel_section_label: HyPhy
- name: hyphy_fade
  owner: iuc
  revisions:
  - 16b4a3869bd5
  - d55ab4b13106
  tool_panel_section_id: hyphy
  tool_panel_section_label: HyPhy
- name: hyphy_fel
  owner: iuc
  revisions:
  - 4eba0baf0278
  - f40d481b7c8b
  tool_panel_section_id: hyphy
  tool_panel_section_label: HyPhy
- name: hyphy_fubar
  owner: iuc
  revisions:
  - 3285fd1f4bde
  - ce53071d60a9
  tool_panel_section_id: hyphy
  tool_panel_section_label: HyPhy
- name: hyphy_gard
  owner: iuc
  revisions:
  - 6283babe736e
  - 7f14d76f86ca
  tool_panel_section_id: hyphy
  tool_panel_section_label: HyPhy
- name: hyphy_meme
  owner: iuc
  revisions:
  - 4d5768ad6316
  - 2c0308ac90e1
  tool_panel_section_id: hyphy
  tool_panel_section_label: HyPhy
- name: hyphy_relax
  owner: iuc
  revisions:
  - 7827dfb71693
  - b5d981229301
  tool_panel_section_id: hyphy
  tool_panel_section_label: HyPhy
- name: hyphy_slac
  owner: iuc
  revisions:
  - 25782236e47e
  - 382b8cd86c0e
  tool_panel_section_id: hyphy
  tool_panel_section_label: HyPhy
- name: hyphy_sm19
  owner: iuc
  revisions:
  - 5f1830cb9135
  - 1a32b8e86fc6
  tool_panel_section_id: hyphy
  tool_panel_section_label: HyPhy
