install_repository_dependencies: true
install_resolver_dependencies: false
install_tool_dependencies: false
tool_panel_section_label: Machine Learning
tools:
- name: ludwig_evaluate
  owner: goeckslab
  revisions:
  - 70a4d910f09a
  tool_panel_section_id: machine_learning
  tool_panel_section_label: Machine Learning
- name: ludwig_experiment
  owner: goeckslab
  revisions:
  - 78e6686a218e
  tool_panel_section_id: machine_learning
  tool_panel_section_label: Machine Learning
- name: ludwig_hyperot
  owner: goeckslab
  revisions:
  - 84f32596712d
  tool_panel_section_id: machine_learning
  tool_panel_section_label: Machine Learning
- name: ludwig_predict
  owner: goeckslab
  revisions:
  - 0a7b83ddda17
  tool_panel_section_id: machine_learning
  tool_panel_section_label: Machine Learning
- name: ludwig_render_config
  owner: goeckslab
  revisions:
  - ed8a9ea5bc73
  tool_panel_section_id: machine_learning
  tool_panel_section_label: Machine Learning
- name: ludwig_train
  owner: goeckslab
  revisions:
  - f0be10937f5c
  tool_panel_section_id: machine_learning
  tool_panel_section_label: Machine Learning
- name: ludwig_visualize
  owner: goeckslab
  revisions:
  - dceb8493730d
  tool_panel_section_id: machine_learning
  tool_panel_section_label: Machine Learning
- name: ludwig_config_generator
  owner: goeckslab
  revisions:
  - 183adfc24076
  tool_panel_section_id: machine_learning
  tool_panel_section_label: Machine Learning

