install_repository_dependencies: true
install_resolver_dependencies: false
install_tool_dependencies: false
tool_panel_section_label: Machine Learning
tools:
- name: model_prediction
  owner: bgruening
  revisions:
  - 1e088aa741eb
  - 29e4122c90de
  - 60c726f5cc5e
  - 65820fb7257b
  - 83228baae3c5
  - b237f27a8afc
  - ce00f1cccb03
  - 948eca2af157
  tool_panel_section_id: machine_learning
  tool_panel_section_label: Machine Learning
- name: keras_model_config
  owner: bgruening
  revisions:
  - 0c933465d70e
  - 2a853a2d2e72
  - 2b8d85927742
  - 2d8478144bb2
  - 8a794e6d3388
  - 94d91334c787
  - bedbda03c573
  - b9906ce4756c
  tool_panel_section_id: machine_learning
  tool_panel_section_label: Machine Learning
- name: keras_model_builder
  owner: bgruening
  revisions:
  - 053570bac5ea
  - 1f0c955fabc7
  - 5b35833076f0
  - 772e0e89fc68
  - 9b6faa256f15
  - c51571d0a0b1
  - 20cd4269deb2
  tool_panel_section_id: machine_learning
  tool_panel_section_label: Machine Learning
- name: keras_batch_models
  owner: bgruening
  revisions:
  - 03533fa14e77
  - 0dc3027df8f4
  - 3814a92c1416
  - 4a5266c96889
  - 508ce0649bec
  - 77c04469e8b8
  - 7f6079deac6f
  - a98b60c639af
  tool_panel_section_id: machine_learning
  tool_panel_section_label: Machine Learning
- name: sklearn_stacking_ensemble_models
  owner: bgruening
  revisions:
  - 253b3aaf0d91
  - ae4b593c99f8
  - b78007bf1cb8
  - b8378d4791b7
  - b94babda32e4
  - d25127d5f4e0
  tool_panel_section_id: machine_learning
  tool_panel_section_label: Machine Learning
- name: sklearn_train_test_eval
  owner: bgruening
  revisions:
  - 1b68acd5ac08
  - 443471b0a27a
  - 4d1637cac794
  - bde62c243b7e
  - caf7d2b71a48
  - e03a58b31c12
  - e23cfe4be9d4
  - 8b822484debc
  tool_panel_section_id: machine_learning
  tool_panel_section_label: Machine Learning
- name: sklearn_estimator_attributes
  owner: bgruening
  revisions:
  - 07843f917990
  - 5ae00d2908f2
  - 867caa39eaa4
  - 89deaf399ff7
  - bd27a211182a
  - c9ddd20d25d0
  - d0352e8b4c10
  - adaf2457d6ec
  tool_panel_section_id: machine_learning
  tool_panel_section_label: Machine Learning
- name: sklearn_model_validation
  owner: bgruening
  revisions:
  - 0474777be433
  - 4b359039f09f
  - 5d5d9cc554f9
  - 65f18ab91132
  - 805194c3cdfb
  - 887e0aaa482e
  - bfc7bdfcb423
  - 9dc28a4b6ca8
  tool_panel_section_id: machine_learning
  tool_panel_section_label: Machine Learning
- name: sklearn_svm_classifier
  owner: bgruening
  revisions:
  - 02d2be90dedb
  - 14fa42b095c4
  - 73d2ef652879
  - b7c3e9a3b954
  - d2afc87db26b
  - f458724cc317
  - f9639b488779
  - fa9d6a4d95ad
  tool_panel_section_id: machine_learning
  tool_panel_section_label: Machine Learning
- name: sklearn_sample_generator
  owner: bgruening
  revisions:
  - 0f460421b212
  - 1fe020b2108f
  - 7068b5fcd623
  - ab2c393080f9
  - b4ba9602a36e
  - db7eb7302fc9
  - eb41d87cb1de
  - 7c2e71e4acf3
  tool_panel_section_id: machine_learning
  tool_panel_section_label: Machine Learning
- name: sklearn_searchcv
  owner: bgruening
  revisions:
  - 103aaea17119
  - 1ae5dfd5ac17
  - 25ab6b4e376e
  - 301e07345c93
  - a36a45cb96fa
  - e5a5ad882f1f
  - f0d2e8a3c575
  - 1ddf415cb349
  tool_panel_section_id: machine_learning
  tool_panel_section_label: Machine Learning
- name: sklearn_build_pipeline
  owner: bgruening
  revisions:
  - 0c74d3164ac8
  - 3f25f37ee3db
  - 7388ffedf12c
  - 840f29aad145
  - 97dce66fe158
  - 9c3e1d3235c8
  - b1eda492f063
  - 118e230e85ce
  tool_panel_section_id: machine_learning
  tool_panel_section_label: Machine Learning
- name: sklearn_pairwise_metrics
  owner: bgruening
  revisions:
  - 09bfbef3dd90
  - 1682b64aad9e
  - 226524df8c6c
  - 2a1afd3481ce
  - 7366e5108e9f
  - b07416ec8d16
  - f24deab884d0
  - 053e7f32d37e
  tool_panel_section_id: machine_learning
  tool_panel_section_label: Machine Learning
- name: sklearn_nn_classifier
  owner: bgruening
  revisions:
  - 2c58b83c9bad
  - 309cc7c6af56
  - 39ae3c043096
  - 823ecc0bce45
  - 9871a634540f
  - aa83e7e3c398
  - cd02bf168d23
  - d33d37f32e54
  tool_panel_section_id: machine_learning
  tool_panel_section_label: Machine Learning
- name: sklearn_numeric_clustering
  owner: bgruening
  revisions:
  - 1dd433d2c92c
  - 2d7c60aa6c62
  - 73e7f1c76ece
  - 7dd3fb35904f
  - ad7e0b4291ee
  - e13a7c05b3a4
  - 8eed73e8e04d
  tool_panel_section_id: machine_learning
  tool_panel_section_label: Machine Learning
- name: sklearn_ensemble
  owner: bgruening
  revisions:
  - 1a53edc4b438
  - 3ab7af14f1b5
  - 407495139a09
  - 4ecc0ce9d0a2
  - 841a6cc5fc58
  - a07ab242b0b5
  - d868914bce73
  - 315f01a9d2c2
  tool_panel_section_id: machine_learning
  tool_panel_section_label: Machine Learning
- name: sklearn_feature_selection
  owner: bgruening
  revisions:
  - 07b34d5284f6
  - 4483b84310ec
  - 5773e98921fc
  - 6d21b03e00a1
  - a7c667ff83fe
  - ae0fafb53c1d
  - c2cd3219543a
  - d84b3a229a52
  tool_panel_section_id: machine_learning
  tool_panel_section_label: Machine Learning
- name: sklearn_data_preprocess
  owner: bgruening
  revisions:
  - 1b5cd2d16fb1
  - 1bef885255e0
  - 50b3e080cef0
  - 80074b842ebd
  - 826c3e68e7a9
  - add3c3a7c2b4
  - eb9da067ab26
  - a5c2ce4ea328
  tool_panel_section_id: machine_learning
  tool_panel_section_label: Machine Learning
- name: sklearn_clf_metrics
  owner: bgruening
  revisions:
  - 0ee984c1cbd6
  - 55703205546f
  - adc6137e7c73
  - ae69f6918abe
  - c8547d3993c0
  - daaa56720686
  - e54382561bd4
  - 15bcf1a7543b
  tool_panel_section_id: machine_learning
  tool_panel_section_label: Machine Learning
- name: sklearn_regression_metrics
  owner: bgruening
  revisions:
  - 146133e04fbc
  - 1e98dbb8d5bc
  - 5c9fb40ae174
  - 6000c1589f33
  - 70c5a9127f99
  - 7d98dfb04d27
  - f04a2405f3fe
  - f5dcb87fd14e
  tool_panel_section_id: machine_learning
  tool_panel_section_label: Machine Learning
- name: sklearn_discriminant_classifier
  owner: bgruening
  revisions:
  - 1bd039aca44f
  - 237ae72d58a3
  - 2d032cff49eb
  - 4335cec181ba
  - 7696d389675c
  - d3e99d3df1ca
  - e76f6dfea5c9
  - 893285b150f8
  tool_panel_section_id: machine_learning
  tool_panel_section_label: Machine Learning
- name: sklearn_generalized_linear
  owner: bgruening
  revisions:
  - 3e4a7684d402
  - 40f4447733b2
  - 63417d0acc72
  - 913bf1c4c7bb
  - 91c4e3331208
  - c9969328b42f
  - dc4b5fd604a6
  - c648d0716fb0
  tool_panel_section_id: machine_learning
  tool_panel_section_label: Machine Learning
- name: sklearn_model_fit
  owner: bgruening
  revisions:
  - 17999807dc1b
  - 1c25f305db70
  - 734c66aa945a
  - fb17e19b62a4
  - fc2e64a27e90
  - fc70bf5c3b58
  - fe4e36598917
  - adb084b901cc
  tool_panel_section_id: machine_learning
  tool_panel_section_label: Machine Learning
- name: sklearn_train_test_split
  owner: bgruening
  revisions:
  - 03611d7232f6
  - 0985b0dd6f1a
  - 145208b3579d
  - 3312fb686ffb
  - 6e25381dad5c
  - ce2fd1edbc6e
  - e8639f65c883
  - b6f5443c4f58
  tool_panel_section_id: machine_learning
  tool_panel_section_label: Machine Learning
- name: sklearn_fitted_model_eval
  owner: bgruening
  revisions:
  - 044729657181
  - 4a1cd790e323
  - 61fb99c55558
  - c2a7717d96ce
  - c2e2aa55dd5c
  - c374098d4f5c
  - eaddff553324
  - f73a2b68a37b
  tool_panel_section_id: machine_learning
  tool_panel_section_label: Machine Learning
- name: sklearn_to_categorical
  owner: bgruening
  revisions:
  - 14180f9c831e
  - 612ca26c197d
  - f93f0cdbaf18
  - a4f18bbb4eca
  tool_panel_section_id: machine_learning
  tool_panel_section_label: Machine Learning
- name: ml_visualization_ex
  owner: bgruening
  revisions:
  - 05143043ca13
  - 222c02df5d55
  - 4a229a7ad638
  - c7655b5a94af
  - c80db5d6fd8c
  - e88c782a127d
  - 6fabdcde0214
  tool_panel_section_id: machine_learning
  tool_panel_section_label: Machine Learning
- name: sklearn_lightgbm
  owner: bgruening
  revisions:
  - 27f8bd20a936
  - 74f96ebc5554
  - c48ffc96fe79
  - 8e95b68b178b
  tool_panel_section_id: machine_learning
  tool_panel_section_label: Machine Learning
- name: sklearn_pca
  owner: bgruening
  revisions:
  - 24c1cc2dd4a4
  - 3af626081467
  - caf164dd0e18
  - 03e0da430d44
  tool_panel_section_id: machine_learning
  tool_panel_section_label: Machine Learning
- name: keras_train_and_eval
  owner: bgruening
  revisions:
  - 470aed90aa41
  - e1317b5502fa
  - ead8f1822587
  - f1b9a42d6809
  - e29894cdea47
  tool_panel_section_id: machine_learning
  tool_panel_section_label: Machine Learning
- name: scipy_sparse
  owner: bgruening
  revisions:
  - 4efac966af2a
  - 92e09b827300
  - e6893a4bcb7b
  - 6d1a9fae57eb
  tool_panel_section_id: machine_learning
  tool_panel_section_label: Machine Learning
- name: create_tool_recommendation_model
  owner: bgruening
  revisions:
  - 4f7e6612906b
  - afec8c595124
  - e94dc7945639
  tool_panel_section_id: machine_learning
  tool_panel_section_label: Machine Learning
- name: chopin2
  owner: iuc
  revisions:
  - d49893faf877
  tool_panel_section_id: machine_learning
  tool_panel_section_label: Machine Learning
