install_repository_dependencies: true
install_resolver_dependencies: true
install_tool_dependencies: false
tool_panel_section_label: Metagenomic Analysis
tools:
- name: kraken2
  owner: iuc
  revisions:
  - 328c607150ff
  - 4a9da2b6c2e3
  - e674066930b2
  tool_panel_section_id: metagenomic_analysis
  tool_panel_section_label: Metagenomic Analysis
- name: diamond
  owner: bgruening
  revisions:
  - 62c9df8382c2
  - 64be1ac21109
  - 1e3323a44643
  tool_panel_section_id: metagenomic_analysis
  tool_panel_section_label: Metagenomic Analysis
- name: vsearch
  owner: iuc
  revisions:
  - b3c7199d8786
  - 9495df9dd6ef
  tool_panel_section_id: metagenomic_analysis
  tool_panel_section_label: Metagenomic Analysis
- name: vegan_rarefaction
  owner: iuc
  revisions:
  - b0d5976540e3
  tool_panel_section_id: metagenomic_analysis
  tool_panel_section_label: Metagenomic Analysis
- name: vegan_fisher_alpha
  owner: iuc
  revisions:
  - f9966e11885b
  tool_panel_section_id: metagenomic_analysis
  tool_panel_section_label: Metagenomic Analysis
- name: vegan_diversity
  owner: iuc
  revisions:
  - a2c047a2c380
  tool_panel_section_id: metagenomic_analysis
  tool_panel_section_label: Metagenomic Analysis
- name: kraken_report
  owner: devteam
  revisions:
  - 1902d3de4a4f
  - 6c09bed3444f
  tool_panel_section_id: metagenomic_analysis
  tool_panel_section_label: Metagenomic Analysis
- name: kraken
  owner: devteam
  revisions:
  - 8ba2174315aa
  - aec58624706f
  tool_panel_section_id: metagenomic_analysis
  tool_panel_section_label: Metagenomic Analysis
- name: taxonomy_krona_chart
  owner: crs4
  revisions:
  - 1334cb4c6b68
  - c9f8fef1df74
  tool_panel_section_id: metagenomic_analysis
  tool_panel_section_label: Metagenomic Analysis
- name: scikit_bio_diversity_beta_diversity
  owner: iuc
  revisions:
  - 024a9b86f853
  tool_panel_section_id: metagenomic_analysis
  tool_panel_section_label: Metagenomic Analysis
- name: metagenomeseq_normalization
  owner: iuc
  revisions:
  - d16f7cc26516
  tool_panel_section_id: metagenomic_analysis
  tool_panel_section_label: Metagenomic Analysis
- name: kraken_taxonomy_report
  owner: iuc
  revisions:
  - b11b3ac48bb9
  - 27d65c78863c
  tool_panel_section_id: metagenomic_analysis
  tool_panel_section_label: Metagenomic Analysis
- name: biom_add_metadata
  owner: iuc
  revisions:
  - 28ad7ac9c193
  - e3cbd2287f63
  - a3b86937ead6
  - 4a6ee918c13a
  - 0b3c3ad92827
  tool_panel_section_id: metagenomic_analysis
  tool_panel_section_label: Metagenomic Analysis
- name: biom_convert
  owner: iuc
  revisions:
  - 0de92f0b96ef
  - 584008e574b2
  - bd46669113b9
  - 54ccb7e1f49a
  - 1b5fc03380d4
  - 72ed72122deb
  tool_panel_section_id: metagenomic_analysis
  tool_panel_section_label: Metagenomic Analysis
- name: kraken_translate
  owner: devteam
  revisions:
  - 9a5be5b1a5c9
  - 9bdcba262627
  - bc3e90fd13be
  tool_panel_section_id: metagenomic_analysis
  tool_panel_section_label: Metagenomic Analysis
- name: kraken_filter
  owner: devteam
  revisions:
  - 3d6570bffdb1
  - 5bee9adae474
  tool_panel_section_id: metagenomic_analysis
  tool_panel_section_label: Metagenomic Analysis
- name: kraken2tax
  owner: devteam
  revisions:
  - f03c7ba8d8bc
  tool_panel_section_id: metagenomic_analysis
  tool_panel_section_label: Metagenomic Analysis
- name: cd_hit_dup
  owner: devteam
  revisions:
  - 0fb894bd8eba
  tool_panel_section_id: metagenomic_analysis
  tool_panel_section_label: Metagenomic Analysis
- name: cat_add_names
  owner: iuc
  revisions:
  - 8dfc90f35aba
  - acd9fe45eb81
  tool_panel_section_id: metagenomic_analysis
  tool_panel_section_label: Metagenomic Analysis
- name: cat_prepare
  owner: iuc
  revisions:
  - 8315b5cebb82
  - a40bbd70b8b1
  tool_panel_section_id: metagenomic_analysis
  tool_panel_section_label: Metagenomic Analysis
- name: cat_contigs
  owner: iuc
  revisions:
  - c6c77d840993
  - 7aebc0137f20
  tool_panel_section_id: metagenomic_analysis
  tool_panel_section_label: Metagenomic Analysis
- name: cat_summarise
  owner: iuc
  revisions:
  - 7f1aaa1932d8
  - 388e6678fa98
  tool_panel_section_id: metagenomic_analysis
  tool_panel_section_label: Metagenomic Analysis
- name: cat_bins
  owner: iuc
  revisions:
  - 18676df0cb3a
  - 31853794ace2
  tool_panel_section_id: metagenomic_analysis
  tool_panel_section_label: Metagenomic Analysis
- name: dada2_plotqualityprofile
  owner: iuc
  revisions:
  - 2a90d2fd3336
  - 52a911972c02
  - fa11922f3d91
  - f947b4bb5107
  - d60df8727f59
  tool_panel_section_id: metagenomic_analysis
  tool_panel_section_label: Metagenomic Analysis
- name: dada2_plotcomplexity
  owner: iuc
  revisions:
  - 1728e5ee871a
  - 498d57610fcd
  - 806fe614ca46
  - ac72310b038a
  - 8daf4564ccda
  tool_panel_section_id: metagenomic_analysis
  tool_panel_section_label: Metagenomic Analysis
- name: dada2_assigntaxonomyaddspecies
  owner: iuc
  revisions:
  - 1c9715cef808
  - 4d89978c6188
  - 79212a309499
  - 5b5a7af9fbb4
  - 63f86089423e
  tool_panel_section_id: metagenomic_analysis
  tool_panel_section_label: Metagenomic Analysis
- name: dada2_removebimeradenovo
  owner: iuc
  revisions:
  - 5b752525bd6f
  - 7f8f0e9fcb37
  - b6dddf8c2e6f
  - 04144473e59e
  - 7f3b59dee073
  tool_panel_section_id: metagenomic_analysis
  tool_panel_section_label: Metagenomic Analysis
- name: dada2_filterandtrim
  owner: iuc
  revisions:
  - 23fc35093b11
  - 777f9846c56d
  - ca73bbac615a
  - f732237754fc
  - a9f4a217dcd6
  tool_panel_section_id: metagenomic_analysis
  tool_panel_section_label: Metagenomic Analysis
- name: dada2_dada
  owner: iuc
  revisions:
  - 2222f08c8316
  - 6b4ddc3b64bd
  - f79565b12646
  - 18a502a9d287
  - 1c35dadbe76f
  tool_panel_section_id: metagenomic_analysis
  tool_panel_section_label: Metagenomic Analysis
- name: dada2_learnerrors
  owner: iuc
  revisions:
  - 39638e0aff59
  - afdfa35a89d9
  - c48d42d65d2b
  - 8c202e741d68
  - 04c15826a0b8
  tool_panel_section_id: metagenomic_analysis
  tool_panel_section_label: Metagenomic Analysis
- name: dada2_makesequencetable
  owner: iuc
  revisions:
  - 99c6929236fa
  - 9ccec6ed8e82
  - bfd62e881837
  - 1c9b3bcd4261
  - e96bbb9e24ea
  tool_panel_section_id: metagenomic_analysis
  tool_panel_section_label: Metagenomic Analysis
- name: dada2_mergepairs
  owner: iuc
  revisions:
  - 0b884b080bb6
  - 69900ffd3b8e
  - b1e55c248f17
  - 306a40d4bb8f
  - 1d75bd0595e2
  tool_panel_section_id: metagenomic_analysis
  tool_panel_section_label: Metagenomic Analysis
- name: dada2_seqcounts
  owner: iuc
  revisions:
  - 4cc834cce4fb
  - 7d28da5e9e27
  - f74c56549143
  - d943081510da
  - 0a1224c4b781
  tool_panel_section_id: metagenomic_analysis
  tool_panel_section_label: Metagenomic Analysis
- name: bio_hansel
  owner: iuc
  revisions:
  - e3698ac146d7
  - 4deefd708943
  tool_panel_section_id: metagenomic_analysis
  tool_panel_section_label: Metagenomic Analysis
- name: khmer_partition
  owner: iuc
  revisions:
  - e562293ee5ec
  - b7429b53be2a
  tool_panel_section_id: metagenomic_analysis
  tool_panel_section_label: Metagenomic Analysis
- name: khmer_extract_partitions
  owner: iuc
  revisions:
  - 2c763fb18010
  - 98b53d46e851
  tool_panel_section_id: metagenomic_analysis
  tool_panel_section_label: Metagenomic Analysis
- name: khmer_count_median
  owner: iuc
  revisions:
  - 77410799e8e9
  - 06d1d91c67e5
  tool_panel_section_id: metagenomic_analysis
  tool_panel_section_label: Metagenomic Analysis
- name: khmer_filter_below_abundance_cutoff
  owner: iuc
  revisions:
  - 569001af897d
  - b469ab47b490
  tool_panel_section_id: metagenomic_analysis
  tool_panel_section_label: Metagenomic Analysis
- name: khmer_normalize_by_median
  owner: iuc
  revisions:
  - 557cc16931f4
  - e84073b420a8
  tool_panel_section_id: metagenomic_analysis
  tool_panel_section_label: Metagenomic Analysis
- name: khmer_abundance_distribution_single
  owner: iuc
  revisions:
  - 55109291a355
  - c018a72b523e
  tool_panel_section_id: metagenomic_analysis
  tool_panel_section_label: Metagenomic Analysis
- name: khmer_filter_abundance
  owner: iuc
  revisions:
  - 8c6433857aa8
  - 97f65399e30d
  tool_panel_section_id: metagenomic_analysis
  tool_panel_section_label: Metagenomic Analysis
- name: khmer_abundance_distribution
  owner: iuc
  revisions:
  - e0de12ae3fc2
  - c0caca5af183
  tool_panel_section_id: metagenomic_analysis
  tool_panel_section_label: Metagenomic Analysis
- name: maxbin2
  owner: mbernt
  revisions:
  - cfd50144a871
  tool_panel_section_id: metagenomic_analysis
  tool_panel_section_label: Metagenomic Analysis
- name: nonpareil
  owner: iuc
  revisions:
  - 280386b252a5
  - 45210df786b9
  tool_panel_section_id: metagenomic_analysis
  tool_panel_section_label: Metagenomic Analysis
- name: plasflow
  owner: iuc
  revisions:
  - bda6012394f7
  - ea270d0ad0e6
  tool_panel_section_id: metagenomic_analysis
  tool_panel_section_label: Metagenomic Analysis
- name: valet
  owner: iuc
  revisions:
  - 56236acaad45
  tool_panel_section_id: metagenomic_analysis
  tool_panel_section_label: Metagenomic Analysis
- name: staramr
  owner: nml
  revisions:
  - da787fc8b740
  tool_panel_section_id: metagenomic_analysis
  tool_panel_section_label: Metagenomic Analysis
- name: vapor
  owner: iuc
  revisions:
  - 244812f5bd1f
  tool_panel_section_id: metagenomic_analysis
  tool_panel_section_label: Metagenomic Analysis
