install_repository_dependencies: true
install_resolver_dependencies: false
install_tool_dependencies: false
tool_panel_section_label: Metagenomic Analysis
tools:
- name: kraken2
  owner: iuc
  revisions:
  - 20e2f64aa1fe
  - 241a78eb2935
  - 328c607150ff
  - 4a9da2b6c2e3
  - cdee7158adf3
  - e150ae930235
  - e674066930b2
  tool_panel_section_id: metagenomic_analysis
  tool_panel_section_label: Metagenomic Analysis
- name: diamond
  owner: bgruening
  revisions:
  - 1e3323a44643
  - 20d92dc4c6cb
  - 54f751e413f4
  - 60f307965815
  - 62c9df8382c2
  - 64be1ac21109
  - 8b8a3f793f0f
  - e8ac2b53f262
  tool_panel_section_id: metagenomic_analysis
  tool_panel_section_label: Metagenomic Analysis
- name: vsearch
  owner: iuc
  revisions:
  - 9495df9dd6ef
  - b3c7199d8786
  tool_panel_section_id: metagenomic_analysis
  tool_panel_section_label: Metagenomic Analysis
- name: vegan_rarefaction
  owner: iuc
  revisions:
  - af1211ed6c8e
  - b0d5976540e3
  tool_panel_section_id: metagenomic_analysis
  tool_panel_section_label: Metagenomic Analysis
- name: vegan_fisher_alpha
  owner: iuc
  revisions:
  - 0148e5cf20b2
  - f9966e11885b
  tool_panel_section_id: metagenomic_analysis
  tool_panel_section_label: Metagenomic Analysis
- name: vegan_diversity
  owner: iuc
  revisions:
  - a1b80a746054
  - a2c047a2c380
  tool_panel_section_id: metagenomic_analysis
  tool_panel_section_label: Metagenomic Analysis
- name: kraken_report
  owner: devteam
  revisions:
  - 1902d3de4a4f
  - 1c677354ab18
  - 6c09bed3444f
  tool_panel_section_id: metagenomic_analysis
  tool_panel_section_label: Metagenomic Analysis
- name: kraken
  owner: devteam
  revisions:
  - 766d5f63b0f4
  - 8ba2174315aa
  - aec58624706f
  tool_panel_section_id: metagenomic_analysis
  tool_panel_section_label: Metagenomic Analysis
- name: taxonomy_krona_chart
  owner: crs4
  revisions:
  - e9005d1f3cfd
  tool_panel_section_id: metagenomic_analysis
  tool_panel_section_label: Metagenomic Analysis
- name: scikit_bio_diversity_beta_diversity
  owner: iuc
  revisions:
  - 024a9b86f853
  tool_panel_section_id: metagenomic_analysis
  tool_panel_section_label: Metagenomic Analysis
- name: metagenomeseq_normalization
  owner: iuc
  revisions:
  - d16f7cc26516
  tool_panel_section_id: metagenomic_analysis
  tool_panel_section_label: Metagenomic Analysis
- name: kraken_taxonomy_report
  owner: iuc
  revisions:
  - 27d65c78863c
  - b11b3ac48bb9
  - bfae8da6082c
  tool_panel_section_id: metagenomic_analysis
  tool_panel_section_label: Metagenomic Analysis
- name: biom_add_metadata
  owner: iuc
  revisions:
  - 0b3c3ad92827
  - 28ad7ac9c193
  - 3b6f97e7094c
  - 4a6ee918c13a
  - 6ef0b5664c69
  - a3b86937ead6
  - ab9350a8ab4d
  - dad9da48a09a
  - e3cbd2287f63
  tool_panel_section_id: metagenomic_analysis
  tool_panel_section_label: Metagenomic Analysis
- name: biom_convert
  owner: iuc
  revisions:
  - 091bb5922a82
  - 0de92f0b96ef
  - 1b5fc03380d4
  - 54ccb7e1f49a
  - 584008e574b2
  - 72ed72122deb
  - a4db66553a61
  - bd46669113b9
  - d4d4e9febf5c
  - e177a8ea0bf1
  tool_panel_section_id: metagenomic_analysis
  tool_panel_section_label: Metagenomic Analysis
- name: kraken_translate
  owner: devteam
  revisions:
  - 8cebdc74a48f
  - 9a5be5b1a5c9
  - 9bdcba262627
  - bc3e90fd13be
  tool_panel_section_id: metagenomic_analysis
  tool_panel_section_label: Metagenomic Analysis
- name: kraken_filter
  owner: devteam
  revisions:
  - 3d6570bffdb1
  - 5bee9adae474
  - 67236d921e83
  tool_panel_section_id: metagenomic_analysis
  tool_panel_section_label: Metagenomic Analysis
- name: kraken2tax
  owner: devteam
  revisions:
  - 50bd98b3ae5a
  - f03c7ba8d8bc
  tool_panel_section_id: metagenomic_analysis
  tool_panel_section_label: Metagenomic Analysis
- name: cd_hit_dup
  owner: devteam
  revisions:
  - 0fb894bd8eba
  tool_panel_section_id: metagenomic_analysis
  tool_panel_section_label: Metagenomic Analysis
- name: cat_add_names
  owner: iuc
  revisions:
  - 21bf2f07f3f3
  - 8dfc90f35aba
  - acd9fe45eb81
  tool_panel_section_id: metagenomic_analysis
  tool_panel_section_label: Metagenomic Analysis
- name: cat_prepare
  owner: iuc
  revisions:
  - 51906c8c692a
  - 8315b5cebb82
  - a40bbd70b8b1
  tool_panel_section_id: metagenomic_analysis
  tool_panel_section_label: Metagenomic Analysis
- name: cat_contigs
  owner: iuc
  revisions:
  - 7aebc0137f20
  - c6c77d840993
  - f41dbb0b9ff8
  tool_panel_section_id: metagenomic_analysis
  tool_panel_section_label: Metagenomic Analysis
- name: cat_summarise
  owner: iuc
  revisions:
  - 388e6678fa98
  - 7f1aaa1932d8
  - a8216def322b
  tool_panel_section_id: metagenomic_analysis
  tool_panel_section_label: Metagenomic Analysis
- name: cat_bins
  owner: iuc
  revisions:
  - 0e63d03c8790
  - 18676df0cb3a
  - 31853794ace2
  tool_panel_section_id: metagenomic_analysis
  tool_panel_section_label: Metagenomic Analysis
- name: dada2_plotqualityprofile
  owner: iuc
  revisions:
  - 2a90d2fd3336
  - 4e469b758915
  - 52a911972c02
  - 7b8cb2b02978
  - a58e4a43f49c
  - cae017b76acb
  - d60df8727f59
  - f947b4bb5107
  - fa11922f3d91
  tool_panel_section_id: metagenomic_analysis
  tool_panel_section_label: Metagenomic Analysis
- name: dada2_plotcomplexity
  owner: iuc
  revisions:
  - 1728e5ee871a
  - 32c9ea835770
  - 498d57610fcd
  - 555ccac8a4c5
  - 6f06d501b7e6
  - 78faebd0879c
  - 806fe614ca46
  - 8daf4564ccda
  - ac72310b038a
  tool_panel_section_id: metagenomic_analysis
  tool_panel_section_label: Metagenomic Analysis
- name: dada2_assigntaxonomyaddspecies
  owner: iuc
  revisions:
  - 1c9715cef808
  - 3a89c3f99f3d
  - 4d89978c6188
  - 5b5a7af9fbb4
  - 63f86089423e
  - 65db807336bc
  - 705d26fbea02
  - 76d3d2b10738
  - 79212a309499
  - 7c2100246a2f
  tool_panel_section_id: metagenomic_analysis
  tool_panel_section_label: Metagenomic Analysis
- name: dada2_removebimeradenovo
  owner: iuc
  revisions:
  - 04144473e59e
  - 073608a50ac3
  - 1770d188f72d
  - 1bc3657cd694
  - 5b752525bd6f
  - 7136e9ab70db
  - 7f3b59dee073
  - 7f8f0e9fcb37
  - b6dddf8c2e6f
  - efe26de231ec
  tool_panel_section_id: metagenomic_analysis
  tool_panel_section_label: Metagenomic Analysis
- name: dada2_filterandtrim
  owner: iuc
  revisions:
  - 00e0347751b1
  - 23fc35093b11
  - 34e55239e68b
  - 777f9846c56d
  - a9f4a217dcd6
  - addaf9d22850
  - ca73bbac615a
  - e8fba04706d3
  - f732237754fc
  tool_panel_section_id: metagenomic_analysis
  tool_panel_section_label: Metagenomic Analysis
- name: dada2_dada
  owner: iuc
  revisions:
  - 00f5005840fa
  - 18a502a9d287
  - 1c35dadbe76f
  - 2222f08c8316
  - 6b4ddc3b64bd
  - 84fd33a60b35
  - 96336c6a2bb7
  - b35a5e8ff0fe
  - f79565b12646
  tool_panel_section_id: metagenomic_analysis
  tool_panel_section_label: Metagenomic Analysis
- name: dada2_learnerrors
  owner: iuc
  revisions:
  - 04c15826a0b8
  - 0776d824d896
  - 39638e0aff59
  - 5fe3edf19b9c
  - 75403243703a
  - 8c202e741d68
  - a14a18a47c36
  - afdfa35a89d9
  - c48d42d65d2b
  tool_panel_section_id: metagenomic_analysis
  tool_panel_section_label: Metagenomic Analysis
- name: dada2_makesequencetable
  owner: iuc
  revisions:
  - 1c9b3bcd4261
  - 43c99742158b
  - 75c8945b0da2
  - 8470de786d47
  - 99c6929236fa
  - 9ccec6ed8e82
  - bfd62e881837
  - e96bbb9e24ea
  - ebd632e95aae
  tool_panel_section_id: metagenomic_analysis
  tool_panel_section_label: Metagenomic Analysis
- name: dada2_mergepairs
  owner: iuc
  revisions:
  - 0b884b080bb6
  - 1d75bd0595e2
  - 306a40d4bb8f
  - 35176674168c
  - 5c865a382933
  - 646c58820267
  - 69900ffd3b8e
  - 84743da21318
  - b1e55c248f17
  tool_panel_section_id: metagenomic_analysis
  tool_panel_section_label: Metagenomic Analysis
- name: dada2_seqcounts
  owner: iuc
  revisions:
  - 0a1224c4b781
  - 19299bb1c6af
  - 390bc2645138
  - 4cc834cce4fb
  - 7d28da5e9e27
  - 9058d8943303
  - a7817705348e
  - d943081510da
  - f74c56549143
  tool_panel_section_id: metagenomic_analysis
  tool_panel_section_label: Metagenomic Analysis
- name: bio_hansel
  owner: iuc
  revisions:
  - 1b88c1cf803d
  - 4deefd708943
  - e3698ac146d7
  tool_panel_section_id: metagenomic_analysis
  tool_panel_section_label: Metagenomic Analysis
- name: khmer_partition
  owner: iuc
  revisions:
  - 5a0fa29951ae
  - 8388fe31d604
  - b7429b53be2a
  - e562293ee5ec
  tool_panel_section_id: metagenomic_analysis
  tool_panel_section_label: Metagenomic Analysis
- name: khmer_extract_partitions
  owner: iuc
  revisions:
  - 1061711538c6
  - 2c763fb18010
  - 98b53d46e851
  - adb3dd5a899f
  tool_panel_section_id: metagenomic_analysis
  tool_panel_section_label: Metagenomic Analysis
- name: khmer_count_median
  owner: iuc
  revisions:
  - 06d1d91c67e5
  - 570505540a7b
  - 77410799e8e9
  - b3d513c7093e
  tool_panel_section_id: metagenomic_analysis
  tool_panel_section_label: Metagenomic Analysis
- name: khmer_filter_below_abundance_cutoff
  owner: iuc
  revisions:
  - 00f7064c564b
  - 19607c740d19
  - 569001af897d
  - b469ab47b490
  tool_panel_section_id: metagenomic_analysis
  tool_panel_section_label: Metagenomic Analysis
- name: khmer_normalize_by_median
  owner: iuc
  revisions:
  - 4d23ab83ea29
  - 557cc16931f4
  - b1fe2ef3d244
  - e84073b420a8
  tool_panel_section_id: metagenomic_analysis
  tool_panel_section_label: Metagenomic Analysis
- name: khmer_abundance_distribution_single
  owner: iuc
  revisions:
  - 385a965c6f87
  - 55109291a355
  - 65b382bf9b7c
  - c018a72b523e
  tool_panel_section_id: metagenomic_analysis
  tool_panel_section_label: Metagenomic Analysis
- name: khmer_filter_abundance
  owner: iuc
  revisions:
  - 29a4d6e2ae9c
  - 8c6433857aa8
  - 97f65399e30d
  - b86562b4f3fd
  tool_panel_section_id: metagenomic_analysis
  tool_panel_section_label: Metagenomic Analysis
- name: khmer_abundance_distribution
  owner: iuc
  revisions:
  - 7624945cacd3
  - c0caca5af183
  - e0de12ae3fc2
  - e699e2747356
  tool_panel_section_id: metagenomic_analysis
  tool_panel_section_label: Metagenomic Analysis
- name: maxbin2
  owner: mbernt
  revisions:
  - 0917b2d6010d
  - 2bc40bfbcfb4
  - 8a0473eb465e
  - 9da9706f7ca9
  - cfd50144a871
  tool_panel_section_id: metagenomic_analysis
  tool_panel_section_label: Metagenomic Analysis
- name: nonpareil
  owner: iuc
  revisions:
  - 280386b252a5
  - 45210df786b9
  - cef64c36c89e
  - ed85107b3cfd
  tool_panel_section_id: metagenomic_analysis
  tool_panel_section_label: Metagenomic Analysis
- name: plasflow
  owner: iuc
  revisions:
  - 1d2a91ab28b7
  - bda6012394f7
  - ea270d0ad0e6
  tool_panel_section_id: metagenomic_analysis
  tool_panel_section_label: Metagenomic Analysis
- name: valet
  owner: iuc
  revisions:
  - 56236acaad45
  tool_panel_section_id: metagenomic_analysis
  tool_panel_section_label: Metagenomic Analysis
- name: staramr
  owner: nml
  revisions:
  - 2fd4d4c9c5c2
  - 3548a93b39c1
  - 3b22de20bd4b
  - da787fc8b740
  tool_panel_section_id: metagenomic_analysis
  tool_panel_section_label: Metagenomic Analysis
- name: vapor
  owner: iuc
  revisions:
  - 21e09ba992b8
  - 244812f5bd1f
  tool_panel_section_id: metagenomic_analysis
  tool_panel_section_label: Metagenomic Analysis
- name: krakentools_kreport2krona
  owner: iuc
  revisions:
  - 02bbace216f2
  - 05e78a90e02d
  - 2deaada69b14
  - 88d274322340
  tool_panel_section_id: metagenomic_analysis
  tool_panel_section_label: Metagenomic Analysis
- name: humann_regroup_table
  owner: iuc
  revisions:
  - 31c6d107e7a5
  - 79706f10d680
  - 8237a0f225db
  - e88b731dad59
  tool_panel_section_id: metagenomic_analysis
  tool_panel_section_label: Metagenomic Analysis
- name: humann
  owner: iuc
  revisions:
  - 95bf7479d53c
  - c2803012bbb3
  - fc6c328c292f
  tool_panel_section_id: metagenomic_analysis
  tool_panel_section_label: Metagenomic Analysis
- name: humann_renorm_table
  owner: iuc
  revisions:
  - 12fb63b5f63f
  - 2bdd84912a2b
  - a293a742194f
  - d7e9a3c41657
  tool_panel_section_id: metagenomic_analysis
  tool_panel_section_label: Metagenomic Analysis
- name: metaphlan
  owner: iuc
  revisions:
  - 1a037928504c
  - 1a6cdf55390f
  - 289b3807e80c
  - 740fd2d16a28
  - b6897977d13e
  - ec368db926f4
  - eca2e2e20436
  - ef65b083bd0c
  - fd69c607b43f
  tool_panel_section_id: metagenomic_analysis
  tool_panel_section_label: Metagenomic Analysis
- name: humann_unpack_pathways
  owner: iuc
  revisions:
  - 080ea153677c
  - 2d35528d2141
  - 4e5e73d03f0d
  - 5e5a999ffaa9
  tool_panel_section_id: metagenomic_analysis
  tool_panel_section_label: Metagenomic Analysis
- name: humann_split_stratified_table
  owner: iuc
  revisions:
  - 64bc7acc22a9
  - 6fcb8ac37a3e
  - 97f7bb0851e7
  - a92c06a3afa7
  tool_panel_section_id: metagenomic_analysis
  tool_panel_section_label: Metagenomic Analysis
- name: humann_rename_table
  owner: iuc
  revisions:
  - 094ad9c068af
  - 172920f67a84
  - 714d5a28cc5c
  - aabf8cfb8fef
  tool_panel_section_id: metagenomic_analysis
  tool_panel_section_label: Metagenomic Analysis
- name: combine_metaphlan2_humann2
  owner: bebatut
  revisions:
  - 662a334004b4
  - fdfb35745104
  tool_panel_section_id: metagenomic_analysis
  tool_panel_section_label: Metagenomic Analysis
- name: mash
  owner: iuc
  revisions:
  - 22384d3d25f4
  - 23d6489e2604
  - 86dec4abcea8
  tool_panel_section_id: metagenomic_analysis
  tool_panel_section_label: Metagenomic Analysis
- name: mash_sketch
  owner: iuc
  revisions:
  - 3852f36e3154
  - 43f9ca23c132
  - 9de5319ad2db
  tool_panel_section_id: metagenomic_analysis
  tool_panel_section_label: Metagenomic Analysis
- name: mash_dist
  owner: iuc
  revisions:
  - 10cf5017bf01
  - 8249e5aa200c
  - c932095af671
  tool_panel_section_id: metagenomic_analysis
  tool_panel_section_label: Metagenomic Analysis
- name: mash_paste
  owner: iuc
  revisions:
  - 8f32dcfde5d9
  - e0c0fda064eb
  tool_panel_section_id: metagenomic_analysis
  tool_panel_section_label: Metagenomic Analysis
- name: metabat2
  owner: iuc
  revisions:
  - eb50e7eca3dc
  - f375b4f6ef57
  tool_panel_section_id: metagenomic_analysis
  tool_panel_section_label: Metagenomic Analysis
- name: megahit_contig2fastg
  owner: iuc
  revisions:
  - 4ec5b3777508
  tool_panel_section_id: metagenomic_analysis
  tool_panel_section_label: Metagenomic Analysis
- name: metabat2_jgi_summarize_bam_contig_depths
  owner: iuc
  revisions:
  - 00e3b4ef7e0c
  - ec045ca00b50
  tool_panel_section_id: metagenomic_analysis
  tool_panel_section_label: Metagenomic Analysis
- name: bracken
  owner: iuc
  revisions:
  - 0c7b6eb7e752
  - 1d4bd12f01cf
  - 4d350ac5148e
  tool_panel_section_id: metagenomic_analysis
  tool_panel_section_label: Metagenomic Analysis
- name: recentrifuge
  owner: iuc
  revisions:
  - 591175c0f051
  - 612df2a5054f
  - 613ee22af97c
  - 76bf12b928f4
  - cfb53a01abc5
  - d4fbfd31696c
  tool_panel_section_id: metagenomic_analysis
  tool_panel_section_label: Metagenomic Analysis
- name: krakentools_extract_kraken_reads
  owner: iuc
  revisions:
  - 3b1963f729cb
  - 4bf1e2701504
  - f329328da134
  tool_panel_section_id: metagenomic_analysis
  tool_panel_section_label: Metagenomic Analysis
- name: krakentools_kreport2mpa
  owner: iuc
  revisions:
  - bb96a1e6583d
  - d33cf727ed94
  - fd7d3bfb0fa8
  tool_panel_section_id: metagenomic_analysis
  tool_panel_section_label: Metagenomic Analysis
- name: krakentools_beta_diversity
  owner: iuc
  revisions:
  - 4505d7643673
  - 5fa703b1f68a
  - c254d75b8b67
  tool_panel_section_id: metagenomic_analysis
  tool_panel_section_label: Metagenomic Analysis
- name: krakentools_alpha_diversity
  owner: iuc
  revisions:
  - 7337f9722ad7
  - 78b69342c280
  - bab112ba9d62
  tool_panel_section_id: metagenomic_analysis
  tool_panel_section_label: Metagenomic Analysis
- name: krakentools_combine_kreports
  owner: iuc
  revisions:
  - 073c867c5244
  - 3d2cffa2c4ab
  - 4960abe31b4d
  - 59fa9d9f4e34
  tool_panel_section_id: metagenomic_analysis
  tool_panel_section_label: Metagenomic Analysis
- name: phyloseq_from_dada2
  owner: iuc
  revisions:
  - 0b9d4ec77c4f
  - 24488fae5b04
  - 6000b8a8dd9d
  - 87064cb77a52
  - d1c93a32cb25
  tool_panel_section_id: metagenomic_analysis
  tool_panel_section_label: Metagenomic Analysis
- name: phyloseq_from_biom
  owner: iuc
  revisions:
  - 04ba1fa0fe57
  - 05e985e0decf
  - 847f433f202b
  - b6a38f6222af
  - c0101c72b8af
  tool_panel_section_id: metagenomic_analysis
  tool_panel_section_label: Metagenomic Analysis
- name: phyloseq_plot_ordination
  owner: iuc
  revisions:
  - 32f892954ef6
  - 5007bc8a3d90
  - bbd9d1022144
  - cee4982a717b
  - dfe800a3faaf
  tool_panel_section_id: metagenomic_analysis
  tool_panel_section_label: Metagenomic Analysis
- name: phyloseq_plot_richness
  owner: iuc
  revisions:
  - 10a7732528b2
  - 7ed99cb39c9d
  - '817853857084'
  - d6cbeb48294d
  - fb7c4bbe8994
  tool_panel_section_id: metagenomic_analysis
  tool_panel_section_label: Metagenomic Analysis
- name: gtdbtk_classify_wf
  owner: iuc
  revisions:
  - 30a4bdf88e14
  - 4d9445dff47b
  - 53691cc6af0f
  - 53a019316350
  - c30adf839acd
  tool_panel_section_id: metagenomic_analysis
  tool_panel_section_label: Metagenomic Analysis
- name: das_tool
  owner: iuc
  revisions:
  - b048a987dd7d
  tool_panel_section_id: metagenomic_analysis
  tool_panel_section_label: Metagenomic Analysis
- name: checkm_analyze
  owner: iuc
  revisions:
  - 027297969224
  - bcb8dc01f296
  - f23a0598b4bc
  tool_panel_section_id: metagenomic_analysis
  tool_panel_section_label: Metagenomic Analysis
- name: checkm_lineage_wf
  owner: iuc
  revisions:
  - '482705438671'
  - 8345d273ba82
  - c3735bcc9cb8
  tool_panel_section_id: metagenomic_analysis
  tool_panel_section_label: Metagenomic Analysis
- name: checkm_lineage_set
  owner: iuc
  revisions:
  - 3693acdbf0d6
  - 3f32eb89d482
  - a32ee0bb028b
  tool_panel_section_id: metagenomic_analysis
  tool_panel_section_label: Metagenomic Analysis
- name: checkm_plot
  owner: iuc
  revisions:
  - 0ac2ba0b0d81
  - 9916308301da
  - ca5846873a2e
  tool_panel_section_id: metagenomic_analysis
  tool_panel_section_label: Metagenomic Analysis
- name: checkm_qa
  owner: iuc
  revisions:
  - 1d9365ace97d
  - 5466420816b9
  - 82caa8ed507c
  tool_panel_section_id: metagenomic_analysis
  tool_panel_section_label: Metagenomic Analysis
- name: checkm_taxonomy_wf
  owner: iuc
  revisions:
  - 0ea86ba426e1
  - 19e4e2d98ebb
  - 98731fd340c5
  tool_panel_section_id: metagenomic_analysis
  tool_panel_section_label: Metagenomic Analysis
- name: checkm_taxon_set
  owner: iuc
  revisions:
  - 03c18e927a7e
  - 407e50329077
  - 7b705d847810
  tool_panel_section_id: metagenomic_analysis
  tool_panel_section_label: Metagenomic Analysis
- name: checkm_tetra
  owner: iuc
  revisions:
  - 0061483faf7d
  - 46bc08145439
  - d0d9e52a46b8
  tool_panel_section_id: metagenomic_analysis
  tool_panel_section_label: Metagenomic Analysis
- name: checkm_tree
  owner: iuc
  revisions:
  - 626ab1058170
  - ce3fd529a6ec
  - d030ce59f075
  tool_panel_section_id: metagenomic_analysis
  tool_panel_section_label: Metagenomic Analysis
- name: checkm_tree_qa
  owner: iuc
  revisions:
  - 36ea6d5441c3
  - 74767297a247
  - a99ca4bb4d1d
  tool_panel_section_id: metagenomic_analysis
  tool_panel_section_label: Metagenomic Analysis
- name: checkm2
  owner: iuc
  revisions:
  - 0f5f7fa9c08f
  - 304ac5b49dea
  - 66acaec9f386
  tool_panel_section_id: metagenomic_analysis
  tool_panel_section_label: Metagenomic Analysis
- name: ampvis2_load
  owner: iuc
  revisions:
  - 3481feabc54e
  - 5029fd9d572e
  - 738474880da8
  tool_panel_section_id: metagenomic_analysis
  tool_panel_section_label: Metagenomic Analysis
- name: mapseq
  owner: iuc
  revisions:
  - 30e275ed0442
  - f1d1dafc836d
  tool_panel_section_id: metagenomic_analysis
  tool_panel_section_label: Metagenomic Analysis
- name: mgnify_seqprep
  owner: bgruening
  revisions:
  - 76ea9d4604bc
  tool_panel_section_id: metagenomic_analysis
  tool_panel_section_label: Metagenomic Analysis
- name: concoct_cut_up_fasta
  owner: iuc
  revisions:
  - 4d8bc5dd9e95
  tool_panel_section_id: metagenomic_analysis
  tool_panel_section_label: Metagenomic Analysis
- name: semibin
  owner: iuc
  revisions:
  - 99ff9221182c
  - afee33334a63
  - b5a7583b8db0
  - fdb13ee4be38
  tool_panel_section_id: metagenomic_analysis
  tool_panel_section_label: Metagenomic Analysis
- name: concoct_coverage_table
  owner: iuc
  revisions:
  - fd31cd168efc
  tool_panel_section_id: metagenomic_analysis
  tool_panel_section_label: Metagenomic Analysis
- name: concoct
  owner: iuc
  revisions:
  - eae7ee167917
  tool_panel_section_id: metagenomic_analysis
  tool_panel_section_label: Metagenomic Analysis
- name: concoct_merge_cut_up_clustering
  owner: iuc
  revisions:
  - 20ccec4a2c38
  tool_panel_section_id: metagenomic_analysis
  tool_panel_section_label: Metagenomic Analysis
- name: concoct_extract_fasta_bins
  owner: iuc
  revisions:
  - 8b1b09fcd8b7
  tool_panel_section_id: metagenomic_analysis
  tool_panel_section_label: Metagenomic Analysis
- name: fasta_to_contig2bin
  owner: iuc
  revisions:
  - fb2bed0eb02f
  tool_panel_section_id: metagenomic_analysis
  tool_panel_section_label: Metagenomic Analysis
- name: binette
  owner: iuc
  revisions:
  - 15dba9749732
  - 1d97ddbc3464
  - 37ab2cfedac4
  - 7834132949bc
  tool_panel_section_id: metagenomic_analysis
  tool_panel_section_label: Metagenomic Analysis
- name: drep_compare
  owner: iuc
  revisions:
  - f0334664a47b
  tool_panel_section_id: metagenomic_analysis
  tool_panel_section_label: Metagenomic Analysis
- name: drep_dereplicate
  owner: iuc
  revisions:
  - 76b57044069d
  - d730086e1432
  - f54e7b3da33c
  tool_panel_section_id: metagenomic_analysis
  tool_panel_section_label: Metagenomic Analysis
- name: coverm_genome
  owner: iuc
  revisions:
  - 73b667038f46
  tool_panel_section_id: metagenomic_analysis
  tool_panel_section_label: Metagenomic Analysis
- name: coverm_contig
  owner: iuc
  revisions:
  - 28d740f2c0b0
  tool_panel_section_id: metagenomic_analysis
  tool_panel_section_label: Metagenomic Analysis
- name: kraken_biom
  owner: iuc
  revisions:
  - a6f820992693
  tool_panel_section_id: metagenomic_analysis
  tool_panel_section_label: Metagenomic Analysis
- name: checkv_end_to_end
  owner: ufz
  revisions:
  - e523d50513a4
  tool_panel_section_id: metagenomic_analysis
  tool_panel_section_label: Metagenomic Analysis
- name: genomad_end_to_end
  owner: ufz
  revisions:
  - 26f5822743aa
  - edb671f0661e
  tool_panel_section_id: metagenomic_analysis
  tool_panel_section_label: Metagenomic Analysis
- name: sylph_query
  owner: bgruening
  revisions:
  - d2a4c2cb8779
  tool_panel_section_id: metagenomic_analysis
  tool_panel_section_label: Metagenomic Analysis
- name: sylph_profile
  owner: bgruening
  revisions:
  - 6c1ac7640090
  tool_panel_section_id: metagenomic_analysis
  tool_panel_section_label: Metagenomic Analysis
- name: phi_toolkit_report
  owner: ufz
  revisions:
  - 315c2ed31af1
  - 3a7f73d638ba
  tool_panel_section_id: metagenomic_analysis
  tool_panel_section_label: Metagenomic Analysis
- name: defense_finder
  owner: rplanel
  revisions:
  - 71e221c4906c
  tool_panel_section_id: metagenomic_analysis
  tool_panel_section_label: Metagenomic Analysis
- name: iphop_predict
  owner: ufz
  revisions:
  - d357350b6da0
  tool_panel_section_id: metagenomic_analysis
  tool_panel_section_label: Metagenomic Analysis
- name: cami_amber_add
  owner: iuc
  revisions:
  - b0dbddc7a288
  tool_panel_section_id: metagenomic_analysis
  tool_panel_section_label: Metagenomic Analysis
- name: cami_amber_convert
  owner: iuc
  revisions:
  - 848594e0be6a
  - fac3911ad3b6
  tool_panel_section_id: metagenomic_analysis
  tool_panel_section_label: Metagenomic Analysis
- name: cami_amber_convert
  owner: iuc
  revisions:
  - 848594e0be6a
  - fac3911ad3b6
  tool_panel_section_id: metagenomic_analysis
  tool_panel_section_label: Metagenomic Analysis
- name: cami_amber
  owner: iuc
  revisions:
  - 2e7b727a0e05
  tool_panel_section_id: metagenomic_analysis
  tool_panel_section_label: Metagenomic Analysis
- name: biobox_add_taxid
  owner: iuc
  revisions:
  - 7a9dd5efc076
  tool_panel_section_id: metagenomic_analysis
  tool_panel_section_label: Metagenomic Analysis
- name: gtdb_to_taxdump
  owner: iuc
  revisions:
  - '102852801457'
  tool_panel_section_id: metagenomic_analysis
  tool_panel_section_label: Metagenomic Analysis
- name: name2taxid
  owner: iuc
  revisions:
  - 954448bad930
  tool_panel_section_id: metagenomic_analysis
  tool_panel_section_label: Metagenomic Analysis
