install_repository_dependencies: true
install_resolver_dependencies: true
install_tool_dependencies: true
tools:
- name: vcf2pgsnp
  owner: devteam
  revisions:
  - 5fca46616675
  tool_panel_section_label: Phenotype Association
- name: snpfreq
  owner: devteam
  revisions:
  - 72ea0d13dd66
  tool_panel_section_label: Phenotype Association
- name: divide_pg_snp
  owner: devteam
  revisions:
  - f74fdfc17143
  tool_panel_section_label: Phenotype Association
- name: hgv_fundo
  owner: devteam
  revisions:
  - 64133669255f
  tool_panel_section_label: Phenotype Association
- name: hgv_hilbertvis
  owner: devteam
  revisions:
  - 0e80ffa5b7f7
  tool_panel_section_label: Phenotype Association
