install_repository_dependencies: true
install_resolver_dependencies: false
install_tool_dependencies: false
tool_panel_section_label: Picard
tools:
- name: picard
  owner: devteam
  revisions:
  - 1aac2a13842a
  - 3f254c5ced1d
  - 585027e65f3b
  - 7d34178f2812
  - 881d7645d1bf
  - a1f0b3f4b781
  - b502c227b5e6
  - f9242e01365a
  tool_panel_section_id: picard
  tool_panel_section_label: Picard
