install_repository_dependencies: true
install_resolver_dependencies: false
install_tool_dependencies: false
tool_panel_section_label: RNA Analysis (deprecated)
tools:
- name: tophat2
  owner: devteam
  revisions:
  - 16c4255042be
  tool_panel_section_id: rna_analysis__deprecated_
  tool_panel_section_label: RNA Analysis (deprecated)
- name: cummerbund_to_tabular
  owner: devteam
  revisions:
  - 0761bbc0a4e7
  tool_panel_section_id: rna_analysis__deprecated_
  tool_panel_section_label: RNA Analysis (deprecated)
- name: cuffcompare
  owner: devteam
  revisions:
  - ad5d061fbdf2
  - e66b9b5b8580
  - f648e5180e40
  tool_panel_section_id: rna_analysis__deprecated_
  tool_panel_section_label: RNA Analysis (deprecated)
- name: cufflinks
  owner: devteam
  revisions:
  - 6926716bbfb5
  - d080005cffe1
  - e04dbae2abe0
  tool_panel_section_id: rna_analysis__deprecated_
  tool_panel_section_label: RNA Analysis (deprecated)
- name: cuffquant
  owner: devteam
  revisions:
  - 679d93c99757
  - 6dc45faebc1d
  - 93148c05136f
  tool_panel_section_id: rna_analysis__deprecated_
  tool_panel_section_label: RNA Analysis (deprecated)
- name: cuffnorm
  owner: devteam
  revisions:
  - 28b94cfbfdb9
  - 9a854107dbb2
  - f5b2ee725d34
  tool_panel_section_id: rna_analysis__deprecated_
  tool_panel_section_label: RNA Analysis (deprecated)
- name: cuffmerge
  owner: devteam
  revisions:
  - 04adc9db1581
  - 22cf48ad7b16
  - 6a6717a5f421
  - 86285ddd4512
  - cf747d1bd79a
  tool_panel_section_id: rna_analysis__deprecated_
  tool_panel_section_label: RNA Analysis (deprecated)
- name: cuffdiff
  owner: devteam
  revisions:
  - 43221aef70e2
  - a85acc5199c7
  - af3e173cad7f
  - d3ae7d9c2202
  tool_panel_section_id: rna_analysis__deprecated_
  tool_panel_section_label: RNA Analysis (deprecated)
