install_repository_dependencies: false
install_resolver_dependencies: false
install_tool_dependencies: false
tool_panel_section_label: RNA-seq
tools:
- name: limma_voom
  owner: iuc
  revisions:
  - 0921444c832d
  - 119b069fc845
  - 58c35179ebf0
  - 708348a17fa1
  - d6f5fa4ee473
  - e827f9aae031
  tool_panel_section_id: rna_seq
  tool_panel_section_label: RNA-seq
- name: edger
  owner: iuc
  revisions:
  - 070900306913
  - 0cb907a2a810
  - 334ce9b1bac5
  - 3d89af8a44f0
  - 5bf899c13979
  - 6e53e565fc6a
  - a8305cf0c951
  - ae2aad0a6d50
  - df0c8d0a5992
  - f2843df56434
  - fd9902d118e5
  tool_panel_section_id: rna_seq
  tool_panel_section_label: RNA-seq
- name: hisat2
  owner: iuc
  revisions:
  - 0c16cad5e03b
  - 26371a1df031
  - 6c19daec423d
  - f4af63aaf57a
  - fbf98f24097b
  tool_panel_section_id: rna_seq
  tool_panel_section_label: RNA-seq
- name: featurecounts
  owner: iuc
  revisions:
  - 1b851f87fbe0
  - 30f6985f0ac7
  - 38b6d12edc68
  - 5dbff3a5845a
  - 6f66ae7c5f7a
  - 90d16db017d7
  - a37612abf7f9
  - ce44c6f2ba38
  - ea04b737afa0
  - f3a5f075498f
  - f9d49f5cb597
  tool_panel_section_id: rna_seq
  tool_panel_section_label: RNA-seq
- name: dexseq
  owner: iuc
  revisions:
  - 62adf13b86ea
  - 74ec758e63a4
  - 9a7c5b6d8f1e
  - 9fd8b69e6e68
  - b47c006d90c5
  - df929f257179
  tool_panel_section_id: rna_seq
  tool_panel_section_label: RNA-seq
- name: stringtie
  owner: iuc
  revisions:
  - 1ebd14235b92
  - 333a6e13b622
  - 76d290331481
  - 8eb8750070d4
  - 914cfcba0ec8
  - ae618321f34a
  - cbf488da3b2c
  - cef79931dda5
  - eba36e001f45
  tool_panel_section_id: rna_seq
  tool_panel_section_label: RNA-seq
- name: salmon
  owner: bgruening
  revisions:
  - 15cd64d7c58b
  - 30d90b851d3c
  - 49121db48873
  - 7fdb9d1591e2
  - cc05793bb896
  - e3d32471da11
  - ebab418107f5
  - f4d5237a84f6
  tool_panel_section_id: rna_seq
  tool_panel_section_label: RNA-seq
- name: diamond
  owner: bgruening
  revisions:
  - 0cdcf7e99b62
  - 1e3323a44643
  - 20d92dc4c6cb
  - 54f751e413f4
  - 60f307965815
  - 62c9df8382c2
  - 64be1ac21109
  - 8b8a3f793f0f
  - 9553180705b7
  - e8ac2b53f262
  tool_panel_section_id: rna_seq
  tool_panel_section_label: RNA-seq
- name: kallisto_quant
  owner: iuc
  revisions:
  - 40985510cd98
  - 4f9c4e6566e5
  - 60f888039fb2
  - c971db6f0fe5
  tool_panel_section_id: rna_seq
  tool_panel_section_label: RNA-seq
- name: kallisto_pseudo
  owner: iuc
  revisions:
  - 01247aaf0a10
  - 5ae5c312d718
  - 87c11c05d238
  - ce5d418183c5
  tool_panel_section_id: rna_seq
  tool_panel_section_label: RNA-seq
- name: sailfish
  owner: bgruening
  revisions:
  - a8f343909c17
  tool_panel_section_id: rna_seq
  tool_panel_section_label: RNA-seq
- name: goseq
  owner: iuc
  revisions:
  - 43798b4caee0
  - 602de62d995b
  - 8b3e3657034e
  - ef2ad746b589
  tool_panel_section_id: rna_seq
  tool_panel_section_label: RNA-seq
- name: deseq2
  owner: iuc
  revisions:
  - 0696db066a5b
  - 2275d0688bca
  - 6a3a025714d3
  - 71bacea10eee
  - 8fe98f7094de
  - 9a882d108833
  - cd9874cb9019
  - d027d1f4984e
  tool_panel_section_id: rna_seq
  tool_panel_section_label: RNA-seq
- name: rgrnastar
  owner: iuc
  revisions:
  - 3ea5a2a63fa2
  - 4014de1b6daf
  - 4074fc1940e2
  - 44959aa06aeb
  - 53255f6eecfc
  - 5ec75f5dae3c
  - 79de45b5069b
  - 7ed2edc1337f
  - 850f3679b9b4
  - 980d2a2e1180
  - b0f2be869d6d
  - b9e04854e2bb
  - c772497b2c32
  - d5659efd66aa
  - de21b616f03a
  tool_panel_section_id: rna_seq
  tool_panel_section_label: RNA-seq
- name: cummerbund
  owner: devteam
  revisions:
  - 78fcfc04fcfe
  - c3b54a4b7741
  tool_panel_section_id: rna_seq
  tool_panel_section_label: RNA-seq
- name: htseq_count
  owner: lparsons
  revisions:
  - 4418229c501e
  - 67b0b160903a
  - 8f6836089479
  - 916cb26bd9d3
  tool_panel_section_id: rna_seq
  tool_panel_section_label: RNA-seq
- name: gffcompare
  owner: iuc
  revisions:
  - 0f710191a66d
  - 31d5c8c3adde
  - 3c5e024a18cf
  - 3c97c841a443
  - a3e78550e42e
  - f99dd58de04f
  tool_panel_section_id: rna_seq
  tool_panel_section_label: RNA-seq
- name: cuffmerge
  owner: devteam
  revisions:
  - 04adc9db1581
  - 22cf48ad7b16
  - 6a6717a5f421
  - 86285ddd4512
  - cf747d1bd79a
  tool_panel_section_id: rna_seq
  tool_panel_section_label: RNA-seq
- name: filter_transcripts_via_tracking
  owner: devteam
  revisions:
  - 45f89dcf0b4c
  tool_panel_section_id: rna_seq
  tool_panel_section_label: RNA-seq
- name: structurefold
  owner: tyty
  revisions:
  - 7bb98e9296e9
  tool_panel_section_id: rna_seq
  tool_panel_section_label: RNA-seq
- name: crosscontamination_barcode_filter
  owner: iuc
  revisions:
  - 5ade5cf200da
  tool_panel_section_id: rna_seq
  tool_panel_section_label: RNA-seq
- name: deg_annotate
  owner: iuc
  revisions:
  - e81fbbea6e8f
  - e98d4ab5b5bc
  tool_panel_section_id: rna_seq
  tool_panel_section_label: RNA-seq
- name: egsea
  owner: iuc
  revisions:
  - 31ea4992b948
  - fba1660fb717
  tool_panel_section_id: rna_seq
  tool_panel_section_label: RNA-seq
- name: feelnc
  owner: iuc
  revisions:
  - 095162ba8e90
  - 55daa4712413
  - 67af24676bd6
  - 75427ceb32d1
  tool_panel_section_id: rna_seq
  tool_panel_section_label: RNA-seq
- name: heinz
  owner: iuc
  revisions:
  - 2b80a2596064
  - 704c401e0afb
  tool_panel_section_id: rna_seq
  tool_panel_section_label: RNA-seq
- name: idr
  owner: iuc
  revisions:
  - d3ebbf39b1c5
  - de7795890bc5
  tool_panel_section_id: rna_seq
  tool_panel_section_label: RNA-seq
- name: masigpro
  owner: iuc
  revisions:
  - 402e0b9cfd87
  - 83f8b5ceff43
  tool_panel_section_id: rna_seq
  tool_panel_section_label: RNA-seq
- name: pizzly
  owner: iuc
  revisions:
  - 91ef4a171202
  tool_panel_section_id: rna_seq
  tool_panel_section_label: RNA-seq
- name: qualimap_rnaseq
  owner: iuc
  revisions:
  - 35e00077ba61
  - 43a1c3e1a4d0
  tool_panel_section_id: rna_seq
  tool_panel_section_label: RNA-seq
- name: qualimap_counts
  owner: iuc
  revisions:
  - 72927fc9e9ed
  - d696cf0a9622
  tool_panel_section_id: rna_seq
  tool_panel_section_label: RNA-seq
- name: ruvseq
  owner: iuc
  revisions:
  - 3a083c78896e
  - c24765926774
  - d1f7fa5bb3cb
  - fed9d0350d72
  tool_panel_section_id: rna_seq
  tool_panel_section_label: RNA-seq
- name: scpipe
  owner: iuc
  revisions:
  - 3ffca09599ca
  - 5c4bca9dd4a2
  - 7397e6badc11
  - a3b3ec00bf8f
  tool_panel_section_id: rna_seq
  tool_panel_section_label: RNA-seq
- name: seurat
  owner: iuc
  revisions:
  - 06ed31cf52ed
  - 4c139a9415d7
  - 56242ff81c84
  - 764f076e9d52
  - 7a5cd7987b03
  - 828324f3292f
  - 8c28affc7c48
  - c0fd285eb553
  - c4db6ec33fec
  - fab6ff46e019
  tool_panel_section_id: rna_seq
  tool_panel_section_label: RNA-seq
- name: slamdunk
  owner: iuc
  revisions:
  - 141f65f7c7c8
  - 5a26589d95ad
  - 8b62f89924a7
  tool_panel_section_id: rna_seq
  tool_panel_section_label: RNA-seq
- name: transdecoder
  owner: iuc
  revisions:
  - 0db979fead3a
  - c6334cb383ff
  - d0d4cef4f967
  - ffd1300599a1
  tool_panel_section_id: rna_seq
  tool_panel_section_label: RNA-seq
- name: trinity_run_de_analysis
  owner: iuc
  revisions:
  - 04936df18de3
  - 24e94d84adc9
  - 55cf05b65ad5
  - ab87da55fe61
  - bbbb39ad9a7e
  - c63338cf419f
  - eafea3083352
  tool_panel_section_id: rna_seq
  tool_panel_section_label: RNA-seq
- name: trinity_samples_qccheck
  owner: iuc
  revisions:
  - 04bb8bb7c198
  tool_panel_section_id: rna_seq
  tool_panel_section_label: RNA-seq
- name: trinity_super_transcripts
  owner: iuc
  revisions:
  - 29472bde8854
  - 3064aa8755a0
  - 5c1fc038df6b
  - 6723249ce1bd
  - 6f480aee5877
  - 9c545f1c1a4e
  - bdede464821e
  tool_panel_section_id: rna_seq
  tool_panel_section_label: RNA-seq
- name: trinity
  owner: iuc
  revisions:
  - 26d5493b20b6
  - 3772d9a10f27
  - 5b60313a6ce7
  - 77cf519a812e
  - 8f1c3df4dd49
  - 9fa24d5aac68
  - d2bc35f3d1c5
  - d84caa5a98ad
  - db1f362cca3e
  tool_panel_section_id: rna_seq
  tool_panel_section_label: RNA-seq
- name: trinity_abundance_estimates_to_matrix
  owner: iuc
  revisions:
  - 08326e2e82f1
  - 400691c87530
  - 442e3696c634
  - 59fff1388bc2
  - 81a4697677e7
  - a009c96c5c18
  - ba3720d7e68b
  - bcc5f03f1900
  tool_panel_section_id: rna_seq
  tool_panel_section_label: RNA-seq
- name: trinity_contig_exn50_statistic
  owner: iuc
  revisions:
  - 3cdcd5753218
  - 41db7569b4ba
  - 62b05e565a45
  - 870ac06dff8e
  - b1e9a0355166
  - be3f26533209
  - beafdd47f8cf
  tool_panel_section_id: rna_seq
  tool_panel_section_label: RNA-seq
- name: trinity_align_and_estimate_abundance
  owner: iuc
  revisions:
  - 00719b8004c9
  - 2fb4ee002432
  - 56162e446004
  - 75f4e1859ed7
  - 893655fa55f9
  - 983552d5822d
  - b2bbe9a7f1b8
  - c2b82a94493e
  tool_panel_section_id: rna_seq
  tool_panel_section_label: RNA-seq
- name: trinity_filter_low_expr_transcripts
  owner: iuc
  revisions:
  - 1007cdb58d91
  - 1fdb25a8384d
  - 42c5172815f7
  - 42f93482524f
  - a35cba31d904
  - a5ec0e79a93a
  - aa38fa8c5815
  tool_panel_section_id: rna_seq
  tool_panel_section_label: RNA-seq
- name: trinity_gene_to_trans_map
  owner: iuc
  revisions:
  - 7c7fbf13aadd
  - 964b7efe2639
  - ba460ccf0006
  tool_panel_section_id: rna_seq
  tool_panel_section_label: RNA-seq
- name: trinotate
  owner: iuc
  revisions:
  - 2b093007fab9
  - 4383070d29ed
  - 6fd16fad465d
  tool_panel_section_id: rna_seq
  tool_panel_section_label: RNA-seq
- name: tximport
  owner: iuc
  revisions:
  - 0bcc35b10569
  - 1906cb429215
  - 206a71a69161
  tool_panel_section_id: rna_seq
  tool_panel_section_label: RNA-seq
- name: mirdeep2_mapper
  owner: rnateam
  revisions:
  - a8d24f4b6d95
  - dbbe92348c7a
  tool_panel_section_id: rna_seq
  tool_panel_section_label: RNA-seq
- name: mirdeep2_quantifier
  owner: rnateam
  revisions:
  - d5ea61ff12eb
  tool_panel_section_id: rna_seq
  tool_panel_section_label: RNA-seq
- name: mirdeep2
  owner: rnateam
  revisions:
  - 6a17e1229b9f
  tool_panel_section_id: rna_seq
  tool_panel_section_label: RNA-seq
- name: cemitool
  owner: iuc
  revisions:
  - 3f9ff31c88bb
  - 51a3b375b7b8
  - 9d93999d9028
  tool_panel_section_id: rna_seq
  tool_panel_section_label: RNA-seq
- name: targetfinder
  owner: rnateam
  revisions:
  - c9d56748fbde
  tool_panel_section_id: rna_seq
  tool_panel_section_label: RNA-seq
- name: chira_collapse
  owner: iuc
  revisions:
  - 05996586c8b3
  - 2b2bfeda00d0
  tool_panel_section_id: rna_seq
  tool_panel_section_label: RNA-seq
- name: chira_extract
  owner: iuc
  revisions:
  - 73d2b7a8d94b
  - e7ee3aadf1a5
  tool_panel_section_id: rna_seq
  tool_panel_section_label: RNA-seq
- name: chira_map
  owner: iuc
  revisions:
  - 7925dd016f53
  - 95ddee768b61
  tool_panel_section_id: rna_seq
  tool_panel_section_label: RNA-seq
- name: chira_merge
  owner: iuc
  revisions:
  - 6492560fe1b4
  - 9930af9d17f8
  tool_panel_section_id: rna_seq
  tool_panel_section_label: RNA-seq
- name: chira_quantify
  owner: iuc
  revisions:
  - 06ac35533793
  - 38d2b1f38992
  tool_panel_section_id: rna_seq
  tool_panel_section_label: RNA-seq
- name: blockbuster
  owner: rnateam
  revisions:
  - 7c7ff7a3503f
  tool_panel_section_id: rna_seq
  tool_panel_section_label: RNA-seq
- name: blockclust
  owner: rnateam
  revisions:
  - aab6cf87b40a
  - dbb6ee3179bc
  tool_panel_section_id: rna_seq
  tool_panel_section_label: RNA-seq
- name: isoformswitchanalyzer
  owner: iuc
  revisions:
  - 298d81e5e138
  - b3f292d9f35d
  tool_panel_section_id: rna_seq
  tool_panel_section_label: RNA-seq
- name: brew3r_r
  owner: iuc
  revisions:
  - 05f8e9d1e8b8
  - 3198f52bffaa
  - 928a52b5c938
  - d3b0390f325f
  tool_panel_section_id: rna_seq
  tool_panel_section_label: RNA-seq
