install_repository_dependencies: true
install_resolver_dependencies: true
install_tool_dependencies: false
tool_panel_section_label: Virology
tools:
- name: ivar_consensus
  owner: iuc
  revisions:
  - 5e668dc9f379
  - 731182d54f78
  - 78bbd17d0703
  - 7f781286b55f
  - d1459d85ff18
  - e319b5b65879
  - ede363a64152
  tool_panel_section_id: virology
  tool_panel_section_label: Virology
- name: ivar_filtervariants
  owner: iuc
  revisions:
  - 0135f1d487a0
  - 096a5b0210cc
  - 2c47c138176e
  - 47a27906d750
  - 4abcfbc2e5b6
  - 51afc8a64951
  - 7fe36019c073
  tool_panel_section_id: virology
  tool_panel_section_label: Virology
- name: ivar_getmasked
  owner: iuc
  revisions:
  - 2cf4a1cafc16
  tool_panel_section_id: virology
  tool_panel_section_label: Virology
- name: ivar_removereads
  owner: iuc
  revisions:
  - 28a6f1908fcc
  - 3d18f8c3c0f6
  - 43aac8d29685
  - 75c279fa403a
  - 8d36959b000d
  - ee29337f905c
  - ee2beb764a7b
  - f57ce5d5c997
  tool_panel_section_id: virology
  tool_panel_section_label: Virology
- name: ivar_trim
  owner: iuc
  revisions:
  - 28e4bcbc86e7
  - 364f4ffec275
  - 397e5f0eb3ef
  - 5671e1d3d5ee
  - 5d6ed46cc101
  - c092052ed673
  - cf65217ad61c
  - db536ad45f28
  tool_panel_section_id: virology
  tool_panel_section_label: Virology
- name: ivar_variants
  owner: iuc
  revisions:
  - 230b05597996
  - 252dfb042563
  - 3888bbe7a9ca
  - 49236b03e4fd
  - 584beffa972b
  - aa9de8f20668
  - f95f403841ad
  tool_panel_section_id: virology
  tool_panel_section_label: Virology
- name: snpeff_sars_cov_2
  owner: iuc
  revisions:
  - 2a3a00c1fa0a
  tool_panel_section_id: virology
  tool_panel_section_label: Virology
- name: pangolin
  owner: iuc
  revisions:
  - 03ed9524dcd1
  - 14ae456b8cc5
  - 2fa9d4f1b48f
  - 36912871ccdc
  - 3a656a4a43ed
  - 42126b414951
  - 42a174224817
  - 5f8727ff21e7
  - 81804a978fc0
  - a2099fb98cdb
  - abf6dbe8c9d7
  - ca0d8cf80567
  - ca337cce3888
  - fe3e8506112c
  tool_panel_section_id: virology
  tool_panel_section_label: Virology
- name: nextclade
  owner: iuc
  revisions:
  - 128ba8da994f
  - 3b75d5285aff
  - 51f5e7505c4b
  - 56b1a13d9680
  - b74b9a7b3e3b
  - f6db3ce6ed1c
  - feb40665d7cd
  tool_panel_section_id: virology
  tool_panel_section_label: Virology
