install_repository_dependencies: true
install_resolver_dependencies: true
install_tool_dependencies: false
tools:
- name: macs
  owner: devteam
  revisions:
  - f6319b0b4391
  tool_panel_section_id: peak_calling
  tool_panel_section_label: Peak Calling
- name: sicer
  owner: devteam
  revisions:
  - 74c9214cc8e6
  tool_panel_section_id: peak_calling
  tool_panel_section_label: Peak Calling
- name: ccat
  owner: devteam
  revisions:
  - 201d8e7dfc43
  tool_panel_section_id: peak_calling
  tool_panel_section_label: Peak Calling
- name: peakachu
  owner: rnateam
  revisions:
  - 49a5a2e86c84
  tool_panel_section_id: peak_calling
  tool_panel_section_label: Peak Calling
- name: zerone
  owner: iuc
  revisions:
  - 75962a01d8ab
  tool_panel_section_id: peak_calling
  tool_panel_section_label: Peak Calling
- name: diffbind
  owner: bgruening
  revisions:
  - c97a786e8fb5
  tool_panel_section_id: peak_calling
  tool_panel_section_label: Peak Calling
- name: pureclip
  owner: iuc
  revisions:
  - eb000bccef28
  tool_panel_section_id: peak_calling
  tool_panel_section_label: Peak Calling
- name: macs2
  owner: iuc
  revisions:
  - 01cded2297b7
  - c33686854b19
  - f5d67c722d67
  tool_panel_section_id: peak_calling
  tool_panel_section_label: Peak Calling
- name: jamm
  owner: messersc
  revisions:
  - 243f75d0ed6e
  tool_panel_section_id: peak_calling
  tool_panel_section_label: Peak Calling
- name: piranha
  owner: rnateam
  revisions:
  - f7f366ede872
  tool_panel_section_id: peak_calling
  tool_panel_section_label: Peak Calling
