tools:
- name: probmetab
  owner: mmonsoor
  revisions:
  - 52b222a626b0
  tool_panel_section_label: Metabolomics
  tool_shed_url: toolshed.g2.bx.psu.edu
- name: lcmsmatching
  owner: prog
  revisions:
  - fb9c0409d85c
  tool_panel_section_label: Metabolomics
  tool_shed_url: toolshed.g2.bx.psu.edu
