install_repository_dependencies: true
install_resolver_dependencies: true
install_tool_dependencies: false
tools:
- name: basecoverage
  owner: devteam
  revisions:
  - 0a3e3133b09d
  tool_panel_section_id: operate_on_genomic_intervals
  tool_panel_section_label: Operate on Genomic Intervals
- name: cluster
  owner: devteam
  revisions:
  - 765ceb06c3e2
  tool_panel_section_id: operate_on_genomic_intervals
  tool_panel_section_label: Operate on Genomic Intervals
- name: complement
  owner: devteam
  revisions:
  - e0a23ab32d7f
  tool_panel_section_id: operate_on_genomic_intervals
  tool_panel_section_label: Operate on Genomic Intervals
- name: concat
  owner: devteam
  revisions:
  - d491589307e7
  tool_panel_section_id: operate_on_genomic_intervals
  tool_panel_section_label: Operate on Genomic Intervals
- name: coverage
  owner: devteam
  revisions:
  - bc9c66c1e9c9
  tool_panel_section_id: operate_on_genomic_intervals
  tool_panel_section_label: Operate on Genomic Intervals
- name: flanking_features
  owner: devteam
  revisions:
  - 8307665c4b6c
  tool_panel_section_id: operate_on_genomic_intervals
  tool_panel_section_label: Operate on Genomic Intervals
- name: get_flanks
  owner: devteam
  revisions:
  - 4b14d0e3a837
  tool_panel_section_id: operate_on_genomic_intervals
  tool_panel_section_label: Operate on Genomic Intervals
- name: intersect
  owner: devteam
  revisions:
  - 5f72be09cfd3
  tool_panel_section_id: operate_on_genomic_intervals
  tool_panel_section_label: Operate on Genomic Intervals
- name: join
  owner: devteam
  revisions:
  - ffbd1de29c28
  tool_panel_section_id: operate_on_genomic_intervals
  tool_panel_section_label: Operate on Genomic Intervals
- name: merge
  owner: devteam
  revisions:
  - 0926c81f382c
  tool_panel_section_id: operate_on_genomic_intervals
  tool_panel_section_label: Operate on Genomic Intervals
- name: subtract
  owner: devteam
  revisions:
  - c19a2a29c561
  tool_panel_section_id: operate_on_genomic_intervals
  tool_panel_section_label: Operate on Genomic Intervals
- name: annotation_profiler
  owner: devteam
  revisions:
  - 3b33da018e74
  tool_panel_section_id: operate_on_genomic_intervals
  tool_panel_section_label: Operate on Genomic Intervals
